// !$*UTF8*$!
{
	archiveVersion = 1;
	classes = {
	};
	objectVersion = 63;
	objects = {

/* Begin PBXBuildFile section */
		0738F8013C52A20FD9AE961B /* ApplePQCProvider.swift in Sources */ = {isa = PBXBuildFile; fileRef = DDB697072B181F5CE4F84C7A /* ApplePQCProvider.swift */; };
		0BD313C4C5139FFF7F6DE35D /* QuickActionButtonView.swift in Sources */ = {isa = PBXBuildFile; fileRef = 56BC016A1595D3C5E14E5591 /* QuickActionButtonView.swift */; };
		0DE9AEC41B80EF9BA6D6A92E /* PolicyDecisionSnapshot.swift in Sources */ = {isa = PBXBuildFile; fileRef = 828E67B857C238E15711B76B /* PolicyDecisionSnapshot.swift */; };
		0E5069CF10CF3ACCC50FC447 /* TrafficPaddingStats.swift in Sources */ = {isa = PBXBuildFile; fileRef = 0C8BC4110A76F282B0C36F40 /* TrafficPaddingStats.swift */; };
		0FBDB93D535E9FC6BF131AFE /* P2PModels.swift in Sources */ = {isa = PBXBuildFile; fileRef = 878E3E2906E362BCC3C1BE74 /* P2PModels.swift */; };
			10757D91A1F50BDA2D2E42C3 /* WeatherCardView.swift in Sources */ = {isa = PBXBuildFile; fileRef = 5A7A54A6561B171AE6B4CE43 /* WeatherCardView.swift */; };
			A1B2C3D4E5F6011111111111 /* SkyBridgeCompassiOSUITests.swift in Sources */ = {isa = PBXBuildFile; fileRef = A1B2C3D4E5F6022222222222 /* SkyBridgeCompassiOSUITests.swift */; };
		13BBA0D66C6D557D9F1C2B90 /* SkyBridgeActivityAttributes.swift in Sources */ = {isa = PBXBuildFile; fileRef = 37E0C1A2D462FAE735D9AC04 /* SkyBridgeActivityAttributes.swift */; };
		14E02A1A1E1A3F5CC4FE7412 /* SkyBridgeLogger.swift in Sources */ = {isa = PBXBuildFile; fileRef = CE64C860FF7171D678F95743 /* SkyBridgeLogger.swift */; };
		174D5857250DDFB578699097 /* ClassicProvider.swift in Sources */ = {isa = PBXBuildFile; fileRef = F52F5CF8B45AF2C5F7793D7D /* ClassicProvider.swift */; };
		175622266915CD82E3A560FD /* SkyBridgeCompass-Widgets.appex in Embed Foundation Extensions */ = {isa = PBXBuildFile; fileRef = C6A172C4D3294DB3396F66BA /* SkyBridgeCompass-Widgets.appex */; settings = {ATTRIBUTES = (RemoveHeadersOnCopy, ); }; };
		1AB2680B9B6A4DB64E3080B0 /* PolicyDecisionParityTests.swift in Sources */ = {isa = PBXBuildFile; fileRef = D5685E5E2CD346A62A01BD79 /* PolicyDecisionParityTests.swift */; };
		1B5FEDF47D8BD8ACE762B266 /* SkyBridgeLiveActivity.swift in Sources */ = {isa = PBXBuildFile; fileRef = 25762A7C3639ADB0F3389B46 /* SkyBridgeLiveActivity.swift */; };
		23E57B94C7A9792227AA0FD2 /* LocalizationManager.swift in Sources */ = {isa = PBXBuildFile; fileRef = B610CADD6D63AE00BE1F232D /* LocalizationManager.swift */; };
		2608A8D411EECC8FFB5202F3 /* TrafficPadding.swift in Sources */ = {isa = PBXBuildFile; fileRef = E75A3366A6C7B572423B5D44 /* TrafficPadding.swift */; };
		27F6713FCFAA0E62E7D0ABC2 /* PQCVerificationView.swift in Sources */ = {isa = PBXBuildFile; fileRef = 5E39D6C541D431957B758E14 /* PQCVerificationView.swift */; };
		282CD8A8E21309631AD18A10 /* CryptoProviderFactory.swift in Sources */ = {isa = PBXBuildFile; fileRef = CB548BD7E1294222D8CCC2DB /* CryptoProviderFactory.swift */; };
		285C668B7A4949FAF3AC8CDE /* DeviceDiscoveryManager.swift in Sources */ = {isa = PBXBuildFile; fileRef = 7DB4CCFA78A457A620FEAF9F /* DeviceDiscoveryManager.swift */; };
		2BD6A4B51055EB53173CCF42 /* WebRTCSignalingEnvelope.swift in Sources */ = {isa = PBXBuildFile; fileRef = BFC46A911014433AFE4D3B1A /* WebRTCSignalingEnvelope.swift */; };
		2C5849D17E72B15DD3E5E64E /* P2PKEMIdentityKeyStore.swift in Sources */ = {isa = PBXBuildFile; fileRef = C24D4C02334AEE78AB048F9E /* P2PKEMIdentityKeyStore.swift */; };
		2D01D7366348A6CFA80A6457 /* OQSPQCProvider.swift in Sources */ = {isa = PBXBuildFile; fileRef = C06FDCDA25CD7B86D6519B4D /* OQSPQCProvider.swift */; };
		2E4645FD7F22D357C46E4131 /* P2PConnectionManager.swift in Sources */ = {isa = PBXBuildFile; fileRef = 93B830497EF129318237FE28 /* P2PConnectionManager.swift */; };
		3081BF69EF4C1CB4F8F01EED /* SettingsManager.swift in Sources */ = {isa = PBXBuildFile; fileRef = 659727828D97800AA64D41C4 /* SettingsManager.swift */; };
		3791BAA6FC4869628D7C0283 /* SkyBridgeActivityAttributes.swift in Sources */ = {isa = PBXBuildFile; fileRef = 37E0C1A2D462FAE735D9AC04 /* SkyBridgeActivityAttributes.swift */; };
		3BB7359087A9EF49C86CE078 /* OfflineMessageQueue.swift in Sources */ = {isa = PBXBuildFile; fileRef = 3294588CD7895F56B550A5DC /* OfflineMessageQueue.swift */; };
		3D4AE0820CA4A146EBE72AA6 /* WeatherManager.swift in Sources */ = {isa = PBXBuildFile; fileRef = B1FF1477AA66D565DCBFC1FB /* WeatherManager.swift */; };
		3D76475FBC024939F1931522 /* WeatherService.swift in Sources */ = {isa = PBXBuildFile; fileRef = 588909BCF563A11B86AF8634 /* WeatherService.swift */; };
		404680039CB34D5EC03789D1 /* HandshakeDriver.swift in Sources */ = {isa = PBXBuildFile; fileRef = C2DD43FFE9C9B153C2496625 /* HandshakeDriver.swift */; };
		406D5BF6DA5DADD9AC2E7B5D /* BetaBannerView.swift in Sources */ = {isa = PBXBuildFile; fileRef = 392C43BFC3AF2C36DD4D7E06 /* BetaBannerView.swift */; };
		45F136FD199310261A6665EA /* Models.swift in Sources */ = {isa = PBXBuildFile; fileRef = EEEDE03DB889E42BACA14386 /* Models.swift */; };
		484844AADC672182602C11A4 /* WebRTC in Frameworks */ = {isa = PBXBuildFile; productRef = 76123964202BD611B7E681E7 /* WebRTC */; };
		4892CDE284E0F7A86EF1A073 /* RemoteDesktopView.swift in Sources */ = {isa = PBXBuildFile; fileRef = 501DCB71160A60C330C17929 /* RemoteDesktopView.swift */; };
		4E34F3BCA3DD81A901CC7DA4 /* KEMPublicKeyInfo.swift in Sources */ = {isa = PBXBuildFile; fileRef = 0E8C6F3243F617884D831144 /* KEMPublicKeyInfo.swift */; };
		50EC8B5726CAF191F7BA6198 /* WebRTCSession.swift in Sources */ = {isa = PBXBuildFile; fileRef = 45402D803823C9E08DB50A64 /* WebRTCSession.swift */; };
		52D6DF4337B60C409888370C /* ActivityKit.framework in Frameworks */ = {isa = PBXBuildFile; fileRef = 8583EB3BEA85C4C8D8FC97C2 /* ActivityKit.framework */; };
		54C71E79C7748E435213E3D9 /* FileTransferNetworkService.swift in Sources */ = {isa = PBXBuildFile; fileRef = F93EC0B2E0AD70ADB64A1231 /* FileTransferNetworkService.swift */; };
		5891EEE7D4966C16F568445A /* PQCMicroBenchView.swift in Sources */ = {isa = PBXBuildFile; fileRef = 11836F0EEEF86B3B57A2F4CE /* PQCMicroBenchView.swift */; };
		58CEE1C24851B675376CBBB7 /* SupabaseService.swift in Sources */ = {isa = PBXBuildFile; fileRef = 490C0A61773E98D07F084DC6 /* SupabaseService.swift */; };
		58E8B2A1A1C24D1E8F0B1C22 /* NebulaPublicClientOAuth.swift in Sources */ = {isa = PBXBuildFile; fileRef = 58E8B2A0A1C24D1E8F0B1C22 /* NebulaPublicClientOAuth.swift */; };
		5AF4B12373F8955D228412F0 /* SupabaseConfig.plist in Resources */ = {isa = PBXBuildFile; fileRef = 40944D05DD176ECF8A8E7BDB /* SupabaseConfig.plist */; };
		4D0F9A282A0B4F4AA96C1A01 /* Localizable.strings in Resources */ = {isa = PBXBuildFile; fileRef = 4D0F9A292A0B4F4AA96C1A01 /* Localizable.strings */; };
		5C11C0249C43AED260C81E89 /* AuthenticationView.swift in Sources */ = {isa = PBXBuildFile; fileRef = B68E3A442804F03C62887E08 /* AuthenticationView.swift */; };
		5F2704328C4CFAE111CE91B9 /* ClipboardManager.swift in Sources */ = {isa = PBXBuildFile; fileRef = 831AD13F1950B5F99A30CD7A /* ClipboardManager.swift */; };
		5FC455D2316C3C8EA7B12D57 /* HandshakePadding.swift in Sources */ = {isa = PBXBuildFile; fileRef = 053FDF90F358AEE09BA7D06C /* HandshakePadding.swift */; };
		621F7A0A1EEFC4728F1A3DDE /* AppIntents.framework in Frameworks */ = {isa = PBXBuildFile; fileRef = 840F0A7CE3B95CE644FCB56E /* AppIntents.framework */; };
		6B2BE9727DB870A7EAEC8A0C /* HandshakeMessages.swift in Sources */ = {isa = PBXBuildFile; fileRef = AD79DE03EB5BE43A7F4DD6C7 /* HandshakeMessages.swift */; };
		6B446A20FFDC3D344FADCE74 /* TrustedDeviceStore.swift in Sources */ = {isa = PBXBuildFile; fileRef = 380347E9DAA089B6533D6F89 /* TrustedDeviceStore.swift */; };
		6E09A1C0BA0D0DC065416C07 /* LiquidGlass.swift in Sources */ = {isa = PBXBuildFile; fileRef = 96686BD469796B5833E0C8E5 /* LiquidGlass.swift */; };
		6E30BE5F047F9D36C1C5DAA3 /* Assets.xcassets in Resources */ = {isa = PBXBuildFile; fileRef = B8FD2B5D6AB6A664E8469945 /* Assets.xcassets */; };
		6EDDCB3576434AEF05E5AC02 /* HandshakeTypes.swift in Sources */ = {isa = PBXBuildFile; fileRef = F30A1E033F74728B441A3A94 /* HandshakeTypes.swift */; };
		6FC192ED7FEBBFA3A35BB97D /* KeychainManager.swift in Sources */ = {isa = PBXBuildFile; fileRef = 68C7504EB6E47491EE9CE10D /* KeychainManager.swift */; };
		765FB348742A20A24D373B33 /* AppIntents.framework in Frameworks */ = {isa = PBXBuildFile; fileRef = 840F0A7CE3B95CE644FCB56E /* AppIntents.framework */; };
		78AAB5A796C451E94DDE8A89 /* DeviceRowView.swift in Sources */ = {isa = PBXBuildFile; fileRef = 920CB7EAE7C04D712E34DF01 /* DeviceRowView.swift */; };
		7BC94778280AA36EC50960A4 /* DeviceDiscoveryView.swift in Sources */ = {isa = PBXBuildFile; fileRef = E8C00600750038AF17C8EB31 /* DeviceDiscoveryView.swift */; };
		7D17DBE1290FCE76CD2AE703 /* AuthenticationManager.swift in Sources */ = {isa = PBXBuildFile; fileRef = DF504A11EB980FBB3004D271 /* AuthenticationManager.swift */; };
		7FE088C16086150B617C924F /* KEMTrustStore.swift in Sources */ = {isa = PBXBuildFile; fileRef = F3D6F438C5BF4F8C3A594442 /* KEMTrustStore.swift */; };
		80E7233868CBFCAA2004173E /* CloudKitSyncManager.swift in Sources */ = {isa = PBXBuildFile; fileRef = 9BE5FEA7CC6B032C4D623243 /* CloudKitSyncManager.swift */; };
		8963BC9ADA39D474492B4A26 /* CryptoProviderProtocol.swift in Sources */ = {isa = PBXBuildFile; fileRef = 6A5490FE3BB3414C8F04E2FD /* CryptoProviderProtocol.swift */; };
		8CA6CB8D7720FB13ABCE7FC8 /* FileTransferManager.swift in Sources */ = {isa = PBXBuildFile; fileRef = D0464B520BF8BF54AE9F3BB1 /* FileTransferManager.swift */; };
		8F3AFAACC8F6A685C4E827A2 /* FileTransferRuntime.swift in Sources */ = {isa = PBXBuildFile; fileRef = BEC5961E7AC8FE8A1B106207 /* FileTransferRuntime.swift */; };
		9381F4D3CD99166A08A3A156 /* PlatformAdapter.swift in Sources */ = {isa = PBXBuildFile; fileRef = 0E21B54FF5A99E91F29D5F40 /* PlatformAdapter.swift */; };
		9405569D2DE3BD4B5A1924F5 /* PQCCryptoManager.swift in Sources */ = {isa = PBXBuildFile; fileRef = F74330957D1E789BDA527E99 /* PQCCryptoManager.swift */; };
		959456034AC8CD9FAF2E5A08 /* ThemeConfiguration.swift in Sources */ = {isa = PBXBuildFile; fileRef = 54AD8F4C687F9B90B67B4329 /* ThemeConfiguration.swift */; };
		9B1311542C3BB9B1E34608F0 /* NebulaIDGenerator.swift in Sources */ = {isa = PBXBuildFile; fileRef = FD6CE3E346837A1B1449284F /* NebulaIDGenerator.swift */; };
		A30B6ADBE722CB3EDFFBF5A0 /* PolicyDecisionTestVectors.swift in Sources */ = {isa = PBXBuildFile; fileRef = 5D702D54FA811F70FC96D595 /* PolicyDecisionTestVectors.swift */; };
		A5DF44B0F65FD8FBCAD30855 /* StatCardView.swift in Sources */ = {isa = PBXBuildFile; fileRef = 74C91A71B2D7745DA114BC0D /* StatCardView.swift */; };
		A90F76AC2F532AC400499668 /* RegressionHardeningTests.swift in Sources */ = {isa = PBXBuildFile; fileRef = A90F76AB2F532AC400499668 /* RegressionHardeningTests.swift */; };
		A90F76AF2F532D7200499668 /* SignalingRetryController.swift in Sources */ = {isa = PBXBuildFile; fileRef = A90F76AE2F532D7200499668 /* SignalingRetryController.swift */; };
		A90F76B12F532DEF00499668 /* WebRTCSignalingFaultInjectionTests.swift in Sources */ = {isa = PBXBuildFile; fileRef = A90F76B02F532DEF00499668 /* WebRTCSignalingFaultInjectionTests.swift */; };
		AE8919E0A149251A09F85FAB /* CrossNetworkWebRTCManager.swift in Sources */ = {isa = PBXBuildFile; fileRef = 6AF4DA70A289A8E7E1F8127F /* CrossNetworkWebRTCManager.swift */; };
		B1B9B9CEAC26CE690F5AA4B5 /* QRCodeManager.swift in Sources */ = {isa = PBXBuildFile; fileRef = D5DDF016BC637DB6BD9133EE /* QRCodeManager.swift */; };
		B63FBF31E5051CE20BCC324C /* DashboardView.swift in Sources */ = {isa = PBXBuildFile; fileRef = CBF0FB136AD9A05FA2390FB8 /* DashboardView.swift */; };
		B81660843C0F9D12B77DDB02 /* WidgetKit.framework in Frameworks */ = {isa = PBXBuildFile; fileRef = EE8FFD8D359DBC468D19075B /* WidgetKit.framework */; };
		B90D62B5410C9381C7F73B6F /* AuthSession.swift in Sources */ = {isa = PBXBuildFile; fileRef = C0184331B19EE502746CAEC9 /* AuthSession.swift */; };
		B9B1776A08627F2AC1499D85 /* FallbackSemanticsParityTests.swift in Sources */ = {isa = PBXBuildFile; fileRef = 4160F9F87D13AA571CE03308 /* FallbackSemanticsParityTests.swift */; };
		BD414DF97653B25F80AEB1BE /* SkyBridgeWidget.swift in Sources */ = {isa = PBXBuildFile; fileRef = 7091B30AA7A2A4E924E8B127 /* SkyBridgeWidget.swift */; };
		C2B6620F00166A0067A1098D /* ObservabilityContractTests.swift in Sources */ = {isa = PBXBuildFile; fileRef = 9094F55BF7BC5003D8D38290 /* ObservabilityContractTests.swift */; };
		C6210C5AF8FBC51FFF891C5F /* STUNClient.swift in Sources */ = {isa = PBXBuildFile; fileRef = 8B630923A8C82956F7AF30D2 /* STUNClient.swift */; };
		C63671A4B9ADB0BF39C59AE3 /* LiveActivityManager.swift in Sources */ = {isa = PBXBuildFile; fileRef = 85C26B001A92135612CB4326 /* LiveActivityManager.swift */; };
		C6AB0D6871AEA8B0CBE52CDE /* BackgroundTaskManager.swift in Sources */ = {isa = PBXBuildFile; fileRef = A8BA9484E500F84365476521 /* BackgroundTaskManager.swift */; };
		C85B40DB51C1B1F5FF143378 /* RemoteDesktopManager.swift in Sources */ = {isa = PBXBuildFile; fileRef = 9E5263289EA47395D52657D8 /* RemoteDesktopManager.swift */; };
		CDD8DC74867897BB930E446C /* LogStore.swift in Sources */ = {isa = PBXBuildFile; fileRef = A36B559F342929CA0C046D28 /* LogStore.swift */; };
		D3EC60A952DCD8EAB81AF1B5 /* FileTransferView.swift in Sources */ = {isa = PBXBuildFile; fileRef = 8B1F73F6E61ED9E9E8F5CD17 /* FileTransferView.swift */; };
		D45C5A6CF3E34BECD4805E05 /* CoreTypes.swift in Sources */ = {isa = PBXBuildFile; fileRef = 792EB22C85FB5D5DB239368C /* CoreTypes.swift */; };
		D48DEA0AFDEF88C30B975527 /* WebSocketSignalingClient.swift in Sources */ = {isa = PBXBuildFile; fileRef = FCCAB31F19CCC3E4592E39F2 /* WebSocketSignalingClient.swift */; };
		D6205CFEDCD592F0D5F9C778 /* RealNetworkE2EBenchView.swift in Sources */ = {isa = PBXBuildFile; fileRef = B42B0B30F1B4C09183AA5A10 /* RealNetworkE2EBenchView.swift */; };
		D7466B71CF052E1AB9FBD95A /* KEMTrustStoreTests.swift in Sources */ = {isa = PBXBuildFile; fileRef = D02F165A3577BDC88F31411B /* KEMTrustStoreTests.swift */; };
		DCEFA18F51EEAC5A498234D7 /* CapabilityResolutionParityTests.swift in Sources */ = {isa = PBXBuildFile; fileRef = ABC561404FEB156CA37E8009 /* CapabilityResolutionParityTests.swift */; };
		E23B454FC096814D60AACC6E /* SkyBridgeServerConfig.swift in Sources */ = {isa = PBXBuildFile; fileRef = AF1C80121FB209395A52D1EA /* SkyBridgeServerConfig.swift */; };
		E63EE125B6AD059FF590C497 /* CrossNetworkFileTransferWire.swift in Sources */ = {isa = PBXBuildFile; fileRef = 04D6D6415B0A07A13BB2CBD9 /* CrossNetworkFileTransferWire.swift */; };
		E6D2CD92125AAF348588CF6F /* OQSRAII in Frameworks */ = {isa = PBXBuildFile; productRef = EE00C62C33482B8E88952EF2 /* OQSRAII */; };
		E87EA46CB143DBA0844971B8 /* DashboardViewModel.swift in Sources */ = {isa = PBXBuildFile; fileRef = 8A8C33908075FD8A37E4E338 /* DashboardViewModel.swift */; };
		E9701CEDADDB8A8DC07A64EC /* SignatureProvider.swift in Sources */ = {isa = PBXBuildFile; fileRef = 6F1CC7B506C8E76656604ADA /* SignatureProvider.swift */; };
		EA4C38A12FB6E4C100B0C001 /* CurrentPathTrustedDeviceStoreTests.swift in Sources */ = {isa = PBXBuildFile; fileRef = EA4C38A12FB6E4C100B0C002 /* CurrentPathTrustedDeviceStoreTests.swift */; };
		EAFF93330E52DC06EDC2EAAC /* ContentView.swift in Sources */ = {isa = PBXBuildFile; fileRef = 7A0305E276D18233D04F43A8 /* ContentView.swift */; };
		EE2CFADE97B5CC575F298B16 /* LaunchScreen.storyboard in Resources */ = {isa = PBXBuildFile; fileRef = F20BA2C69C251DBFBCE544C2 /* LaunchScreen.storyboard */; };
		F2556D8F7DC3375417FA77A7 /* SkyBridgeCompassApp.swift in Sources */ = {isa = PBXBuildFile; fileRef = 708048CCAF3C9A5F66CD6BC9 /* SkyBridgeCompassApp.swift */; };
		F6A3A2FB648E97C975A85CDF /* P2PConnectionService.swift in Sources */ = {isa = PBXBuildFile; fileRef = D0FE3F62F373FF39190A15F9 /* P2PConnectionService.swift */; };
		F93336A0B86B8AC90B4CFC9D /* SettingsView.swift in Sources */ = {isa = PBXBuildFile; fileRef = 2B6E3549C2F24F52AB68417B /* SettingsView.swift */; };
		FAC4A6B35BEBB5F953B0E507 /* TwoAttemptHandshakeManager.swift in Sources */ = {isa = PBXBuildFile; fileRef = F6BD818B8C2D8B49812B4676 /* TwoAttemptHandshakeManager.swift */; };
		FB925A46A50EB95DE907CE9E /* AppMessage.swift in Sources */ = {isa = PBXBuildFile; fileRef = D745F1B7ED48440187298913 /* AppMessage.swift */; };
/* End PBXBuildFile section */

/* Begin PBXContainerItemProxy section */
			0E8A456CE048751AAB437655 /* PBXContainerItemProxy */ = {
				isa = PBXContainerItemProxy;
				containerPortal = 6280607F820FB09902AB1EFB /* Project object */;
				proxyType = 1;
				remoteGlobalIDString = 537E084BA6452ABCF8886C45;
				remoteInfo = "SkyBridgeCompass-iOS";
			};
			A1B2C3D4E5F6055555555555 /* PBXContainerItemProxy */ = {
				isa = PBXContainerItemProxy;
				containerPortal = 6280607F820FB09902AB1EFB /* Project object */;
				proxyType = 1;
				remoteGlobalIDString = 537E084BA6452ABCF8886C45;
				remoteInfo = "SkyBridgeCompass-iOS";
			};
			DEFE45977C6381EAD62ECD7F /* PBXContainerItemProxy */ = {
			isa = PBXContainerItemProxy;
			containerPortal = 6280607F820FB09902AB1EFB /* Project object */;
			proxyType = 1;
			remoteGlobalIDString = 225DF6CFF206BFB832FBB9A7;
			remoteInfo = "SkyBridgeCompass-Widgets";
		};
/* End PBXContainerItemProxy section */

/* Begin PBXCopyFilesBuildPhase section */
		5A65A7304E482C6A6334ACA0 /* Embed Foundation Extensions */ = {
			isa = PBXCopyFilesBuildPhase;
			buildActionMask = 2147483647;
			dstPath = "";
			dstSubfolderSpec = 13;
			files = (
				175622266915CD82E3A560FD /* SkyBridgeCompass-Widgets.appex in Embed Foundation Extensions */,
			);
			name = "Embed Foundation Extensions";
			runOnlyForDeploymentPostprocessing = 0;
		};
/* End PBXCopyFilesBuildPhase section */

/* Begin PBXFileReference section */
		04D6D6415B0A07A13BB2CBD9 /* CrossNetworkFileTransferWire.swift */ = {isa = PBXFileReference; lastKnownFileType = sourcecode.swift; path = CrossNetworkFileTransferWire.swift; sourceTree = "<group>"; };
		053FDF90F358AEE09BA7D06C /* HandshakePadding.swift */ = {isa = PBXFileReference; lastKnownFileType = sourcecode.swift; path = HandshakePadding.swift; sourceTree = "<group>"; };
		0B7D6FA64D317615E7792E07 /* OQSRAIILocal */ = {isa = PBXFileReference; lastKnownFileType = folder; name = OQSRAIILocal; path = LocalPackages/OQSRAIILocal; sourceTree = SOURCE_ROOT; };
		0C8BC4110A76F282B0C36F40 /* TrafficPaddingStats.swift */ = {isa = PBXFileReference; lastKnownFileType = sourcecode.swift; path = TrafficPaddingStats.swift; sourceTree = "<group>"; };
		0E21B54FF5A99E91F29D5F40 /* PlatformAdapter.swift */ = {isa = PBXFileReference; lastKnownFileType = sourcecode.swift; path = PlatformAdapter.swift; sourceTree = "<group>"; };
		0E8C6F3243F617884D831144 /* KEMPublicKeyInfo.swift */ = {isa = PBXFileReference; lastKnownFileType = sourcecode.swift; path = KEMPublicKeyInfo.swift; sourceTree = "<group>"; };
		11836F0EEEF86B3B57A2F4CE /* PQCMicroBenchView.swift */ = {isa = PBXFileReference; lastKnownFileType = sourcecode.swift; path = PQCMicroBenchView.swift; sourceTree = "<group>"; };
		25762A7C3639ADB0F3389B46 /* SkyBridgeLiveActivity.swift */ = {isa = PBXFileReference; lastKnownFileType = sourcecode.swift; path = SkyBridgeLiveActivity.swift; sourceTree = "<group>"; };
		2B6E3549C2F24F52AB68417B /* SettingsView.swift */ = {isa = PBXFileReference; lastKnownFileType = sourcecode.swift; path = SettingsView.swift; sourceTree = "<group>"; };
			2F8ED07B5F59B57133CC0DEE /* SkyBridgeCompassiOSTests.xctest */ = {isa = PBXFileReference; includeInIndex = 0; lastKnownFileType = wrapper.cfbundle; path = SkyBridgeCompassiOSTests.xctest; sourceTree = BUILT_PRODUCTS_DIR; };
			A1B2C3D4E5F6022222222222 /* SkyBridgeCompassiOSUITests.swift */ = {isa = PBXFileReference; lastKnownFileType = sourcecode.swift; path = SkyBridgeCompassiOSUITests.swift; sourceTree = "<group>"; };
			A1B2C3D4E5F6033333333333 /* SkyBridgeCompassiOSUITests.xctest */ = {isa = PBXFileReference; includeInIndex = 0; lastKnownFileType = wrapper.cfbundle; path = SkyBridgeCompassiOSUITests.xctest; sourceTree = BUILT_PRODUCTS_DIR; };
			3294588CD7895F56B550A5DC /* OfflineMessageQueue.swift */ = {isa = PBXFileReference; lastKnownFileType = sourcecode.swift; path = OfflineMessageQueue.swift; sourceTree = "<group>"; };
		37E0C1A2D462FAE735D9AC04 /* SkyBridgeActivityAttributes.swift */ = {isa = PBXFileReference; lastKnownFileType = sourcecode.swift; path = SkyBridgeActivityAttributes.swift; sourceTree = "<group>"; };
		380347E9DAA089B6533D6F89 /* TrustedDeviceStore.swift */ = {isa = PBXFileReference; lastKnownFileType = sourcecode.swift; path = TrustedDeviceStore.swift; sourceTree = "<group>"; };
		392C43BFC3AF2C36DD4D7E06 /* BetaBannerView.swift */ = {isa = PBXFileReference; lastKnownFileType = sourcecode.swift; path = BetaBannerView.swift; sourceTree = "<group>"; };
		40944D05DD176ECF8A8E7BDB /* SupabaseConfig.plist */ = {isa = PBXFileReference; lastKnownFileType = text.plist; path = SupabaseConfig.plist; sourceTree = "<group>"; };
		4D0F9A2A2A0B4F4AA96C1A01 /* en */ = {isa = PBXFileReference; lastKnownFileType = text.plist.strings; name = en; path = en.lproj/Localizable.strings; sourceTree = "<group>"; };
		4D0F9A2B2A0B4F4AA96C1A01 /* ja */ = {isa = PBXFileReference; lastKnownFileType = text.plist.strings; name = ja; path = ja.lproj/Localizable.strings; sourceTree = "<group>"; };
		4D0F9A2C2A0B4F4AA96C1A01 /* zh-Hans */ = {isa = PBXFileReference; lastKnownFileType = text.plist.strings; name = "zh-Hans"; path = "zh-Hans.lproj/Localizable.strings"; sourceTree = "<group>"; };
		4160F9F87D13AA571CE03308 /* FallbackSemanticsParityTests.swift */ = {isa = PBXFileReference; lastKnownFileType = sourcecode.swift; path = FallbackSemanticsParityTests.swift; sourceTree = "<group>"; };
		45402D803823C9E08DB50A64 /* WebRTCSession.swift */ = {isa = PBXFileReference; lastKnownFileType = sourcecode.swift; path = WebRTCSession.swift; sourceTree = "<group>"; };
		490C0A61773E98D07F084DC6 /* SupabaseService.swift */ = {isa = PBXFileReference; lastKnownFileType = sourcecode.swift; path = SupabaseService.swift; sourceTree = "<group>"; };
		58E8B2A0A1C24D1E8F0B1C22 /* NebulaPublicClientOAuth.swift */ = {isa = PBXFileReference; lastKnownFileType = sourcecode.swift; path = NebulaPublicClientOAuth.swift; sourceTree = "<group>"; };
		501DCB71160A60C330C17929 /* RemoteDesktopView.swift */ = {isa = PBXFileReference; lastKnownFileType = sourcecode.swift; path = RemoteDesktopView.swift; sourceTree = "<group>"; };
		54AD8F4C687F9B90B67B4329 /* ThemeConfiguration.swift */ = {isa = PBXFileReference; lastKnownFileType = sourcecode.swift; path = ThemeConfiguration.swift; sourceTree = "<group>"; };
		56BC016A1595D3C5E14E5591 /* QuickActionButtonView.swift */ = {isa = PBXFileReference; lastKnownFileType = sourcecode.swift; path = QuickActionButtonView.swift; sourceTree = "<group>"; };
		588909BCF563A11B86AF8634 /* WeatherService.swift */ = {isa = PBXFileReference; lastKnownFileType = sourcecode.swift; path = WeatherService.swift; sourceTree = "<group>"; };
		5A7A54A6561B171AE6B4CE43 /* WeatherCardView.swift */ = {isa = PBXFileReference; lastKnownFileType = sourcecode.swift; path = WeatherCardView.swift; sourceTree = "<group>"; };
		5D702D54FA811F70FC96D595 /* PolicyDecisionTestVectors.swift */ = {isa = PBXFileReference; lastKnownFileType = sourcecode.swift; path = PolicyDecisionTestVectors.swift; sourceTree = "<group>"; };
		5E39D6C541D431957B758E14 /* PQCVerificationView.swift */ = {isa = PBXFileReference; lastKnownFileType = sourcecode.swift; path = PQCVerificationView.swift; sourceTree = "<group>"; };
		659727828D97800AA64D41C4 /* SettingsManager.swift */ = {isa = PBXFileReference; lastKnownFileType = sourcecode.swift; path = SettingsManager.swift; sourceTree = "<group>"; };
		68C7504EB6E47491EE9CE10D /* KeychainManager.swift */ = {isa = PBXFileReference; lastKnownFileType = sourcecode.swift; path = KeychainManager.swift; sourceTree = "<group>"; };
		6A5490FE3BB3414C8F04E2FD /* CryptoProviderProtocol.swift */ = {isa = PBXFileReference; lastKnownFileType = sourcecode.swift; path = CryptoProviderProtocol.swift; sourceTree = "<group>"; };
		6AF4DA70A289A8E7E1F8127F /* CrossNetworkWebRTCManager.swift */ = {isa = PBXFileReference; lastKnownFileType = sourcecode.swift; path = CrossNetworkWebRTCManager.swift; sourceTree = "<group>"; };
		6F1CC7B506C8E76656604ADA /* SignatureProvider.swift */ = {isa = PBXFileReference; lastKnownFileType = sourcecode.swift; path = SignatureProvider.swift; sourceTree = "<group>"; };
		708048CCAF3C9A5F66CD6BC9 /* SkyBridgeCompassApp.swift */ = {isa = PBXFileReference; lastKnownFileType = sourcecode.swift; path = SkyBridgeCompassApp.swift; sourceTree = "<group>"; };
		7091B30AA7A2A4E924E8B127 /* SkyBridgeWidget.swift */ = {isa = PBXFileReference; lastKnownFileType = sourcecode.swift; path = SkyBridgeWidget.swift; sourceTree = "<group>"; };
		725E41D48A59618B3CC4B80B /* WebRTCLocal */ = {isa = PBXFileReference; lastKnownFileType = folder; name = WebRTCLocal; path = LocalPackages/WebRTCLocal; sourceTree = SOURCE_ROOT; };
		74C91A71B2D7745DA114BC0D /* StatCardView.swift */ = {isa = PBXFileReference; lastKnownFileType = sourcecode.swift; path = StatCardView.swift; sourceTree = "<group>"; };
		792EB22C85FB5D5DB239368C /* CoreTypes.swift */ = {isa = PBXFileReference; lastKnownFileType = sourcecode.swift; path = CoreTypes.swift; sourceTree = "<group>"; };
		7A0305E276D18233D04F43A8 /* ContentView.swift */ = {isa = PBXFileReference; lastKnownFileType = sourcecode.swift; path = ContentView.swift; sourceTree = "<group>"; };
		7DB4CCFA78A457A620FEAF9F /* DeviceDiscoveryManager.swift */ = {isa = PBXFileReference; lastKnownFileType = sourcecode.swift; path = DeviceDiscoveryManager.swift; sourceTree = "<group>"; };
		828E67B857C238E15711B76B /* PolicyDecisionSnapshot.swift */ = {isa = PBXFileReference; lastKnownFileType = sourcecode.swift; path = PolicyDecisionSnapshot.swift; sourceTree = "<group>"; };
		831AD13F1950B5F99A30CD7A /* ClipboardManager.swift */ = {isa = PBXFileReference; lastKnownFileType = sourcecode.swift; path = ClipboardManager.swift; sourceTree = "<group>"; };
		840F0A7CE3B95CE644FCB56E /* AppIntents.framework */ = {isa = PBXFileReference; lastKnownFileType = wrapper.framework; name = AppIntents.framework; path = System/Library/Frameworks/AppIntents.framework; sourceTree = SDKROOT; };
		8583EB3BEA85C4C8D8FC97C2 /* ActivityKit.framework */ = {isa = PBXFileReference; lastKnownFileType = wrapper.framework; name = ActivityKit.framework; path = System/Library/Frameworks/ActivityKit.framework; sourceTree = SDKROOT; };
		85C26B001A92135612CB4326 /* LiveActivityManager.swift */ = {isa = PBXFileReference; lastKnownFileType = sourcecode.swift; path = LiveActivityManager.swift; sourceTree = "<group>"; };
		878E3E2906E362BCC3C1BE74 /* P2PModels.swift */ = {isa = PBXFileReference; lastKnownFileType = sourcecode.swift; path = P2PModels.swift; sourceTree = "<group>"; };
		8A8C33908075FD8A37E4E338 /* DashboardViewModel.swift */ = {isa = PBXFileReference; lastKnownFileType = sourcecode.swift; path = DashboardViewModel.swift; sourceTree = "<group>"; };
		8B1F73F6E61ED9E9E8F5CD17 /* FileTransferView.swift */ = {isa = PBXFileReference; lastKnownFileType = sourcecode.swift; path = FileTransferView.swift; sourceTree = "<group>"; };
		8B630923A8C82956F7AF30D2 /* STUNClient.swift */ = {isa = PBXFileReference; lastKnownFileType = sourcecode.swift; path = STUNClient.swift; sourceTree = "<group>"; };
		9094F55BF7BC5003D8D38290 /* ObservabilityContractTests.swift */ = {isa = PBXFileReference; lastKnownFileType = sourcecode.swift; path = ObservabilityContractTests.swift; sourceTree = "<group>"; };
		920CB7EAE7C04D712E34DF01 /* DeviceRowView.swift */ = {isa = PBXFileReference; lastKnownFileType = sourcecode.swift; path = DeviceRowView.swift; sourceTree = "<group>"; };
		93B830497EF129318237FE28 /* P2PConnectionManager.swift */ = {isa = PBXFileReference; lastKnownFileType = sourcecode.swift; path = P2PConnectionManager.swift; sourceTree = "<group>"; };
		96686BD469796B5833E0C8E5 /* LiquidGlass.swift */ = {isa = PBXFileReference; lastKnownFileType = sourcecode.swift; path = LiquidGlass.swift; sourceTree = "<group>"; };
		9BE5FEA7CC6B032C4D623243 /* CloudKitSyncManager.swift */ = {isa = PBXFileReference; lastKnownFileType = sourcecode.swift; path = CloudKitSyncManager.swift; sourceTree = "<group>"; };
		9E5263289EA47395D52657D8 /* RemoteDesktopManager.swift */ = {isa = PBXFileReference; lastKnownFileType = sourcecode.swift; path = RemoteDesktopManager.swift; sourceTree = "<group>"; };
		A36B559F342929CA0C046D28 /* LogStore.swift */ = {isa = PBXFileReference; lastKnownFileType = sourcecode.swift; path = LogStore.swift; sourceTree = "<group>"; };
		A3AEF34FAD525B93EAF2F1A9 /* Info.plist */ = {isa = PBXFileReference; lastKnownFileType = text.plist; path = Info.plist; sourceTree = "<group>"; };
		A8BA9484E500F84365476521 /* BackgroundTaskManager.swift */ = {isa = PBXFileReference; lastKnownFileType = sourcecode.swift; path = BackgroundTaskManager.swift; sourceTree = "<group>"; };
		A90F76AB2F532AC400499668 /* RegressionHardeningTests.swift */ = {isa = PBXFileReference; lastKnownFileType = sourcecode.swift; path = RegressionHardeningTests.swift; sourceTree = "<group>"; };
		A90F76AD2F532AF900499668 /* RiskAuditChecklist.md */ = {isa = PBXFileReference; lastKnownFileType = net.daringfireball.markdown; path = RiskAuditChecklist.md; sourceTree = "<group>"; };
		A90F76AE2F532D7200499668 /* SignalingRetryController.swift */ = {isa = PBXFileReference; lastKnownFileType = sourcecode.swift; path = SignalingRetryController.swift; sourceTree = "<group>"; };
		A90F76B02F532DEF00499668 /* WebRTCSignalingFaultInjectionTests.swift */ = {isa = PBXFileReference; lastKnownFileType = sourcecode.swift; path = WebRTCSignalingFaultInjectionTests.swift; sourceTree = "<group>"; };
		ABC561404FEB156CA37E8009 /* CapabilityResolutionParityTests.swift */ = {isa = PBXFileReference; lastKnownFileType = sourcecode.swift; path = CapabilityResolutionParityTests.swift; sourceTree = "<group>"; };
		AD79DE03EB5BE43A7F4DD6C7 /* HandshakeMessages.swift */ = {isa = PBXFileReference; lastKnownFileType = sourcecode.swift; path = HandshakeMessages.swift; sourceTree = "<group>"; };
		AF1C80121FB209395A52D1EA /* SkyBridgeServerConfig.swift */ = {isa = PBXFileReference; lastKnownFileType = sourcecode.swift; path = SkyBridgeServerConfig.swift; sourceTree = "<group>"; };
		B1FF1477AA66D565DCBFC1FB /* WeatherManager.swift */ = {isa = PBXFileReference; lastKnownFileType = sourcecode.swift; path = WeatherManager.swift; sourceTree = "<group>"; };
		B42B0B30F1B4C09183AA5A10 /* RealNetworkE2EBenchView.swift */ = {isa = PBXFileReference; lastKnownFileType = sourcecode.swift; path = RealNetworkE2EBenchView.swift; sourceTree = "<group>"; };
		B610CADD6D63AE00BE1F232D /* LocalizationManager.swift */ = {isa = PBXFileReference; lastKnownFileType = sourcecode.swift; path = LocalizationManager.swift; sourceTree = "<group>"; };
		B68E3A442804F03C62887E08 /* AuthenticationView.swift */ = {isa = PBXFileReference; lastKnownFileType = sourcecode.swift; path = AuthenticationView.swift; sourceTree = "<group>"; };
		B8FD2B5D6AB6A664E8469945 /* Assets.xcassets */ = {isa = PBXFileReference; lastKnownFileType = folder.assetcatalog; path = Assets.xcassets; sourceTree = "<group>"; };
		BEC5961E7AC8FE8A1B106207 /* FileTransferRuntime.swift */ = {isa = PBXFileReference; lastKnownFileType = sourcecode.swift; path = FileTransferRuntime.swift; sourceTree = "<group>"; };
		BFC46A911014433AFE4D3B1A /* WebRTCSignalingEnvelope.swift */ = {isa = PBXFileReference; lastKnownFileType = sourcecode.swift; path = WebRTCSignalingEnvelope.swift; sourceTree = "<group>"; };
		C0184331B19EE502746CAEC9 /* AuthSession.swift */ = {isa = PBXFileReference; lastKnownFileType = sourcecode.swift; path = AuthSession.swift; sourceTree = "<group>"; };
		C06FDCDA25CD7B86D6519B4D /* OQSPQCProvider.swift */ = {isa = PBXFileReference; lastKnownFileType = sourcecode.swift; path = OQSPQCProvider.swift; sourceTree = "<group>"; };
		C24D4C02334AEE78AB048F9E /* P2PKEMIdentityKeyStore.swift */ = {isa = PBXFileReference; lastKnownFileType = sourcecode.swift; path = P2PKEMIdentityKeyStore.swift; sourceTree = "<group>"; };
		C2DD43FFE9C9B153C2496625 /* HandshakeDriver.swift */ = {isa = PBXFileReference; lastKnownFileType = sourcecode.swift; path = HandshakeDriver.swift; sourceTree = "<group>"; };
		C6A172C4D3294DB3396F66BA /* SkyBridgeCompass-Widgets.appex */ = {isa = PBXFileReference; includeInIndex = 0; lastKnownFileType = "wrapper.app-extension"; path = "SkyBridgeCompass-Widgets.appex"; sourceTree = BUILT_PRODUCTS_DIR; };
		CB548BD7E1294222D8CCC2DB /* CryptoProviderFactory.swift */ = {isa = PBXFileReference; lastKnownFileType = sourcecode.swift; path = CryptoProviderFactory.swift; sourceTree = "<group>"; };
		CBF0FB136AD9A05FA2390FB8 /* DashboardView.swift */ = {isa = PBXFileReference; lastKnownFileType = sourcecode.swift; path = DashboardView.swift; sourceTree = "<group>"; };
		CE64C860FF7171D678F95743 /* SkyBridgeLogger.swift */ = {isa = PBXFileReference; lastKnownFileType = sourcecode.swift; path = SkyBridgeLogger.swift; sourceTree = "<group>"; };
		D02F165A3577BDC88F31411B /* KEMTrustStoreTests.swift */ = {isa = PBXFileReference; lastKnownFileType = sourcecode.swift; path = KEMTrustStoreTests.swift; sourceTree = "<group>"; };
		D0464B520BF8BF54AE9F3BB1 /* FileTransferManager.swift */ = {isa = PBXFileReference; lastKnownFileType = sourcecode.swift; path = FileTransferManager.swift; sourceTree = "<group>"; };
		D0FE3F62F373FF39190A15F9 /* P2PConnectionService.swift */ = {isa = PBXFileReference; lastKnownFileType = sourcecode.swift; path = P2PConnectionService.swift; sourceTree = "<group>"; };
		D5685E5E2CD346A62A01BD79 /* PolicyDecisionParityTests.swift */ = {isa = PBXFileReference; lastKnownFileType = sourcecode.swift; path = PolicyDecisionParityTests.swift; sourceTree = "<group>"; };
		D5DDF016BC637DB6BD9133EE /* QRCodeManager.swift */ = {isa = PBXFileReference; lastKnownFileType = sourcecode.swift; path = QRCodeManager.swift; sourceTree = "<group>"; };
		D745F1B7ED48440187298913 /* AppMessage.swift */ = {isa = PBXFileReference; lastKnownFileType = sourcecode.swift; path = AppMessage.swift; sourceTree = "<group>"; };
		DDB697072B181F5CE4F84C7A /* ApplePQCProvider.swift */ = {isa = PBXFileReference; lastKnownFileType = sourcecode.swift; path = ApplePQCProvider.swift; sourceTree = "<group>"; };
		DF504A11EB980FBB3004D271 /* AuthenticationManager.swift */ = {isa = PBXFileReference; lastKnownFileType = sourcecode.swift; path = AuthenticationManager.swift; sourceTree = "<group>"; };
		E75A3366A6C7B572423B5D44 /* TrafficPadding.swift */ = {isa = PBXFileReference; lastKnownFileType = sourcecode.swift; path = TrafficPadding.swift; sourceTree = "<group>"; };
		E8C00600750038AF17C8EB31 /* DeviceDiscoveryView.swift */ = {isa = PBXFileReference; lastKnownFileType = sourcecode.swift; path = DeviceDiscoveryView.swift; sourceTree = "<group>"; };
		EE8FFD8D359DBC468D19075B /* WidgetKit.framework */ = {isa = PBXFileReference; lastKnownFileType = wrapper.framework; name = WidgetKit.framework; path = System/Library/Frameworks/WidgetKit.framework; sourceTree = SDKROOT; };
		EEEDE03DB889E42BACA14386 /* Models.swift */ = {isa = PBXFileReference; lastKnownFileType = sourcecode.swift; path = Models.swift; sourceTree = "<group>"; };
		EA4C38A12FB6E4C100B0C002 /* CurrentPathTrustedDeviceStoreTests.swift */ = {isa = PBXFileReference; lastKnownFileType = sourcecode.swift; path = CurrentPathTrustedDeviceStoreTests.swift; sourceTree = "<group>"; };
		EFAF3D9DF476661D0BFB7941 /* SkyBridgeCompass-iOS.app */ = {isa = PBXFileReference; includeInIndex = 0; lastKnownFileType = wrapper.application; path = "SkyBridgeCompass-iOS.app"; sourceTree = BUILT_PRODUCTS_DIR; };
		F20BA2C69C251DBFBCE544C2 /* LaunchScreen.storyboard */ = {isa = PBXFileReference; lastKnownFileType = file.storyboard; path = LaunchScreen.storyboard; sourceTree = "<group>"; };
		F30A1E033F74728B441A3A94 /* HandshakeTypes.swift */ = {isa = PBXFileReference; lastKnownFileType = sourcecode.swift; path = HandshakeTypes.swift; sourceTree = "<group>"; };
		F3D6F438C5BF4F8C3A594442 /* KEMTrustStore.swift */ = {isa = PBXFileReference; lastKnownFileType = sourcecode.swift; path = KEMTrustStore.swift; sourceTree = "<group>"; };
		F52F5CF8B45AF2C5F7793D7D /* ClassicProvider.swift */ = {isa = PBXFileReference; lastKnownFileType = sourcecode.swift; path = ClassicProvider.swift; sourceTree = "<group>"; };
		F6BD818B8C2D8B49812B4676 /* TwoAttemptHandshakeManager.swift */ = {isa = PBXFileReference; lastKnownFileType = sourcecode.swift; path = TwoAttemptHandshakeManager.swift; sourceTree = "<group>"; };
		F74330957D1E789BDA527E99 /* PQCCryptoManager.swift */ = {isa = PBXFileReference; lastKnownFileType = sourcecode.swift; path = PQCCryptoManager.swift; sourceTree = "<group>"; };
		F93EC0B2E0AD70ADB64A1231 /* FileTransferNetworkService.swift */ = {isa = PBXFileReference; lastKnownFileType = sourcecode.swift; path = FileTransferNetworkService.swift; sourceTree = "<group>"; };
		FCCAB31F19CCC3E4592E39F2 /* WebSocketSignalingClient.swift */ = {isa = PBXFileReference; lastKnownFileType = sourcecode.swift; path = WebSocketSignalingClient.swift; sourceTree = "<group>"; };
		FD6CE3E346837A1B1449284F /* NebulaIDGenerator.swift */ = {isa = PBXFileReference; lastKnownFileType = sourcecode.swift; path = NebulaIDGenerator.swift; sourceTree = "<group>"; };
/* End PBXFileReference section */

/* Begin PBXFrameworksBuildPhase section */
		67985194D4709774642260B1 /* Frameworks */ = {
			isa = PBXFrameworksBuildPhase;
			buildActionMask = 2147483647;
			files = (
				B81660843C0F9D12B77DDB02 /* WidgetKit.framework in Frameworks */,
				52D6DF4337B60C409888370C /* ActivityKit.framework in Frameworks */,
			);
			runOnlyForDeploymentPostprocessing = 0;
		};
		877CCF6CE4910D2FA7254542 /* Frameworks */ = {
			isa = PBXFrameworksBuildPhase;
			buildActionMask = 2147483647;
			files = (
				765FB348742A20A24D373B33 /* AppIntents.framework in Frameworks */,
				484844AADC672182602C11A4 /* WebRTC in Frameworks */,
				E6D2CD92125AAF348588CF6F /* OQSRAII in Frameworks */,
			);
			runOnlyForDeploymentPostprocessing = 0;
		};
			F257460870D046BFF960F0BA /* Frameworks */ = {
				isa = PBXFrameworksBuildPhase;
				buildActionMask = 2147483647;
				files = (
					621F7A0A1EEFC4728F1A3DDE /* AppIntents.framework in Frameworks */,
				);
				runOnlyForDeploymentPostprocessing = 0;
			};
			A1B2C3D4E5F6066666666666 /* Frameworks */ = {
				isa = PBXFrameworksBuildPhase;
				buildActionMask = 2147483647;
				files = (
				);
				runOnlyForDeploymentPostprocessing = 0;
			};
/* End PBXFrameworksBuildPhase section */

/* Begin PBXGroup section */
			03F70A41D63801AEDAF221E2 /* Products */ = {
				isa = PBXGroup;
				children = (
					EFAF3D9DF476661D0BFB7941 /* SkyBridgeCompass-iOS.app */,
					C6A172C4D3294DB3396F66BA /* SkyBridgeCompass-Widgets.appex */,
					2F8ED07B5F59B57133CC0DEE /* SkyBridgeCompassiOSTests.xctest */,
					A1B2C3D4E5F6033333333333 /* SkyBridgeCompassiOSUITests.xctest */,
				);
			name = Products;
			sourceTree = "<group>";
		};
		11FBBAE933C96AE4DF589B4D /* QRCode */ = {
			isa = PBXGroup;
			children = (
				D5DDF016BC637DB6BD9133EE /* QRCodeManager.swift */,
			);
			path = QRCode;
			sourceTree = "<group>";
		};
		297AD52CD355D33FD4AE1BFB /* Supporting Files */ = {
			isa = PBXGroup;
			children = (
				F20BA2C69C251DBFBCE544C2 /* LaunchScreen.storyboard */,
			);
			name = "Supporting Files";
			path = "SkyBridgeCompassiOS/Supporting Files";
			sourceTree = "<group>";
		};
		2B562D206EFB23C70FBCC010 /* ViewModels */ = {
			isa = PBXGroup;
			children = (
				8A8C33908075FD8A37E4E338 /* DashboardViewModel.swift */,
			);
			path = ViewModels;
			sourceTree = "<group>";
		};
		31356BD6E7B891009431D788 /* Background */ = {
			isa = PBXGroup;
			children = (
				A8BA9484E500F84365476521 /* BackgroundTaskManager.swift */,
			);
			path = Background;
			sourceTree = "<group>";
		};
		355552F9E0F2E7FD7B54B8AB /* Network */ = {
			isa = PBXGroup;
			children = (
				8B630923A8C82956F7AF30D2 /* STUNClient.swift */,
			);
			path = Network;
			sourceTree = "<group>";
		};
			39BB4D8E9F48D029BFDD9F57 /* SkyBridgeCompassiOSTests */ = {
				isa = PBXGroup;
				children = (
					ABC561404FEB156CA37E8009 /* CapabilityResolutionParityTests.swift */,
				EA4C38A12FB6E4C100B0C002 /* CurrentPathTrustedDeviceStoreTests.swift */,
				4160F9F87D13AA571CE03308 /* FallbackSemanticsParityTests.swift */,
				D02F165A3577BDC88F31411B /* KEMTrustStoreTests.swift */,
				9094F55BF7BC5003D8D38290 /* ObservabilityContractTests.swift */,
				D5685E5E2CD346A62A01BD79 /* PolicyDecisionParityTests.swift */,
				5D702D54FA811F70FC96D595 /* PolicyDecisionTestVectors.swift */,
				A90F76AB2F532AC400499668 /* RegressionHardeningTests.swift */,
				A90F76B02F532DEF00499668 /* WebRTCSignalingFaultInjectionTests.swift */,
			);
				path = SkyBridgeCompassiOSTests;
				sourceTree = "<group>";
			};
			A1B2C3D4E5F6044444444444 /* SkyBridgeCompassiOSUITests */ = {
				isa = PBXGroup;
				children = (
					A1B2C3D4E5F6022222222222 /* SkyBridgeCompassiOSUITests.swift */,
				);
				path = SkyBridgeCompassiOSUITests;
				sourceTree = "<group>";
			};
			403CBBDCE3C167F7E3EF36C2 /* SkyBridgeCompassiOS */ = {
			isa = PBXGroup;
			children = (
				EE5434AD687E69CC94F01FC6 /* Sources */,
			);
			path = SkyBridgeCompassiOS;
			sourceTree = "<group>";
		};
		49C71F1DA7A02D5946E982A7 /* Platform */ = {
			isa = PBXGroup;
			children = (
				0E21B54FF5A99E91F29D5F40 /* PlatformAdapter.swift */,
			);
			path = Platform;
			sourceTree = "<group>";
		};
		532AFC297E1788E63297A5FC /* Providers */ = {
			isa = PBXGroup;
			children = (
				DDB697072B181F5CE4F84C7A /* ApplePQCProvider.swift */,
				F52F5CF8B45AF2C5F7793D7D /* ClassicProvider.swift */,
				C06FDCDA25CD7B86D6519B4D /* OQSPQCProvider.swift */,
			);
			path = Providers;
			sourceTree = "<group>";
		};
		624AE2E26FE7A9D9A1E94EE6 /* Handshake */ = {
			isa = PBXGroup;
			children = (
				C2DD43FFE9C9B153C2496625 /* HandshakeDriver.swift */,
				AD79DE03EB5BE43A7F4DD6C7 /* HandshakeMessages.swift */,
				053FDF90F358AEE09BA7D06C /* HandshakePadding.swift */,
				F30A1E033F74728B441A3A94 /* HandshakeTypes.swift */,
				6F1CC7B506C8E76656604ADA /* SignatureProvider.swift */,
				E75A3366A6C7B572423B5D44 /* TrafficPadding.swift */,
				0C8BC4110A76F282B0C36F40 /* TrafficPaddingStats.swift */,
				F6BD818B8C2D8B49812B4676 /* TwoAttemptHandshakeManager.swift */,
			);
			path = Handshake;
			sourceTree = "<group>";
		};
		62BE32F1C64718CA8ED7151A /* Widgets */ = {
			isa = PBXGroup;
			children = (
				A3AEF34FAD525B93EAF2F1A9 /* Info.plist */,
				25762A7C3639ADB0F3389B46 /* SkyBridgeLiveActivity.swift */,
				7091B30AA7A2A4E924E8B127 /* SkyBridgeWidget.swift */,
			);
			path = Widgets;
			sourceTree = "<group>";
		};
		72B5E159A71F74B24DCFF3A3 /* Trust */ = {
			isa = PBXGroup;
			children = (
				0E8C6F3243F617884D831144 /* KEMPublicKeyInfo.swift */,
				F3D6F438C5BF4F8C3A594442 /* KEMTrustStore.swift */,
				C24D4C02334AEE78AB048F9E /* P2PKEMIdentityKeyStore.swift */,
			);
			path = Trust;
			sourceTree = "<group>";
		};
		740BF85BCC0018DF0AE5918F /* Config */ = {
			isa = PBXGroup;
			children = (
				AF1C80121FB209395A52D1EA /* SkyBridgeServerConfig.swift */,
			);
			path = Config;
			sourceTree = "<group>";
		};
		80D306455A71899E974EAABB /* Dashboard */ = {
			isa = PBXGroup;
			children = (
				CBF0FB136AD9A05FA2390FB8 /* DashboardView.swift */,
				EF37498AD29FD044F6F150EE /* Components */,
			);
			path = Dashboard;
			sourceTree = "<group>";
		};
		82BFD82E6A9BFE95F28C6F3E /* App */ = {
			isa = PBXGroup;
			children = (
				7A0305E276D18233D04F43A8 /* ContentView.swift */,
				708048CCAF3C9A5F66CD6BC9 /* SkyBridgeCompassApp.swift */,
			);
			path = App;
			sourceTree = "<group>";
		};
		8583F1FC83AE430ECC755153 /* WebRTC */ = {
			isa = PBXGroup;
			children = (
				04D6D6415B0A07A13BB2CBD9 /* CrossNetworkFileTransferWire.swift */,
				45402D803823C9E08DB50A64 /* WebRTCSession.swift */,
				BFC46A911014433AFE4D3B1A /* WebRTCSignalingEnvelope.swift */,
				FCCAB31F19CCC3E4592E39F2 /* WebSocketSignalingClient.swift */,
				A90F76AE2F532D7200499668 /* SignalingRetryController.swift */,
			);
			path = WebRTC;
			sourceTree = "<group>";
		};
		92FDC970131C05A02838C80E /* Packages */ = {
			isa = PBXGroup;
			children = (
				0B7D6FA64D317615E7792E07 /* OQSRAIILocal */,
				725E41D48A59618B3CC4B80B /* WebRTCLocal */,
			);
			name = Packages;
			sourceTree = "<group>";
		};
		9C2CFE7E5104E931DB073E86 /* LiveActivities */ = {
			isa = PBXGroup;
			children = (
				37E0C1A2D462FAE735D9AC04 /* SkyBridgeActivityAttributes.swift */,
			);
			path = LiveActivities;
			sourceTree = "<group>";
		};
		B01842A982822C408B327067 /* Security */ = {
			isa = PBXGroup;
			children = (
				68C7504EB6E47491EE9CE10D /* KeychainManager.swift */,
			);
			path = Security;
			sourceTree = "<group>";
		};
		B55949760F23D445644575EB = {
			isa = PBXGroup;
				children = (
					92FDC970131C05A02838C80E /* Packages */,
					FD919CD6A1AD0CEA831170C9 /* Resources */,
					403CBBDCE3C167F7E3EF36C2 /* SkyBridgeCompassiOS */,
					39BB4D8E9F48D029BFDD9F57 /* SkyBridgeCompassiOSTests */,
					A1B2C3D4E5F6044444444444 /* SkyBridgeCompassiOSUITests */,
					297AD52CD355D33FD4AE1BFB /* Supporting Files */,
				62BE32F1C64718CA8ED7151A /* Widgets */,
				E4C4142A1C9CD93F8C89639C /* Frameworks */,
				03F70A41D63801AEDAF221E2 /* Products */,
				A90F76AD2F532AF900499668 /* RiskAuditChecklist.md */,
			);
			sourceTree = "<group>";
		};
		BCFFEA709E610BE61F273F26 /* FileTransfer */ = {
			isa = PBXGroup;
			children = (
				F93EC0B2E0AD70ADB64A1231 /* FileTransferNetworkService.swift */,
				BEC5961E7AC8FE8A1B106207 /* FileTransferRuntime.swift */,
			);
			path = FileTransfer;
			sourceTree = "<group>";
		};
		BEE33A38459F1934E678C2F7 /* Utilities */ = {
			isa = PBXGroup;
			children = (
				96686BD469796B5833E0C8E5 /* LiquidGlass.swift */,
				A36B559F342929CA0C046D28 /* LogStore.swift */,
				CE64C860FF7171D678F95743 /* SkyBridgeLogger.swift */,
			);
			path = Utilities;
			sourceTree = "<group>";
		};
		C77B40AED8E13597D9A6FCAE /* Views */ = {
			isa = PBXGroup;
			children = (
				B68E3A442804F03C62887E08 /* AuthenticationView.swift */,
				392C43BFC3AF2C36DD4D7E06 /* BetaBannerView.swift */,
				E8C00600750038AF17C8EB31 /* DeviceDiscoveryView.swift */,
				8B1F73F6E61ED9E9E8F5CD17 /* FileTransferView.swift */,
				11836F0EEEF86B3B57A2F4CE /* PQCMicroBenchView.swift */,
				5E39D6C541D431957B758E14 /* PQCVerificationView.swift */,
				B42B0B30F1B4C09183AA5A10 /* RealNetworkE2EBenchView.swift */,
				501DCB71160A60C330C17929 /* RemoteDesktopView.swift */,
				2B6E3549C2F24F52AB68417B /* SettingsView.swift */,
				80D306455A71899E974EAABB /* Dashboard */,
			);
			path = Views;
			sourceTree = "<group>";
		};
		CD42518C0B71BAF0ACA755C3 /* Auth */ = {
			isa = PBXGroup;
			children = (
				C0184331B19EE502746CAEC9 /* AuthSession.swift */,
				FD6CE3E346837A1B1449284F /* NebulaIDGenerator.swift */,
				58E8B2A0A1C24D1E8F0B1C22 /* NebulaPublicClientOAuth.swift */,
				490C0A61773E98D07F084DC6 /* SupabaseService.swift */,
			);
			path = Auth;
			sourceTree = "<group>";
		};
		D10F13433300A9690E66FE0C /* RemoteConnection */ = {
			isa = PBXGroup;
			children = (
				8583F1FC83AE430ECC755153 /* WebRTC */,
			);
			path = RemoteConnection;
			sourceTree = "<group>";
		};
		DE32EEF57A6E7463C976CDF6 /* Core */ = {
			isa = PBXGroup;
			children = (
				792EB22C85FB5D5DB239368C /* CoreTypes.swift */,
				CB548BD7E1294222D8CCC2DB /* CryptoProviderFactory.swift */,
				6A5490FE3BB3414C8F04E2FD /* CryptoProviderProtocol.swift */,
				828E67B857C238E15711B76B /* PolicyDecisionSnapshot.swift */,
				31356BD6E7B891009431D788 /* Background */,
				740BF85BCC0018DF0AE5918F /* Config */,
				BCFFEA709E610BE61F273F26 /* FileTransfer */,
				624AE2E26FE7A9D9A1E94EE6 /* Handshake */,
				FC4EC5BBC945FD3760602002 /* Messaging */,
				355552F9E0F2E7FD7B54B8AB /* Network */,
				DEBD6F810CBDCC2F52A7F746 /* P2P */,
				49C71F1DA7A02D5946E982A7 /* Platform */,
				532AFC297E1788E63297A5FC /* Providers */,
				11FBBAE933C96AE4DF589B4D /* QRCode */,
				D10F13433300A9690E66FE0C /* RemoteConnection */,
				B01842A982822C408B327067 /* Security */,
				72B5E159A71F74B24DCFF3A3 /* Trust */,
				E69A9AEF593729E8A8F3FA52 /* Weather */,
			);
			path = Core;
			sourceTree = "<group>";
		};
		DEBD6F810CBDCC2F52A7F746 /* P2P */ = {
			isa = PBXGroup;
			children = (
				D0FE3F62F373FF39190A15F9 /* P2PConnectionService.swift */,
				878E3E2906E362BCC3C1BE74 /* P2PModels.swift */,
			);
			path = P2P;
			sourceTree = "<group>";
		};
		E4C4142A1C9CD93F8C89639C /* Frameworks */ = {
			isa = PBXGroup;
			children = (
				8583EB3BEA85C4C8D8FC97C2 /* ActivityKit.framework */,
				840F0A7CE3B95CE644FCB56E /* AppIntents.framework */,
				EE8FFD8D359DBC468D19075B /* WidgetKit.framework */,
			);
			name = Frameworks;
			sourceTree = "<group>";
		};
		E5EAA9BBCF55F761BC8A6B6F /* Managers */ = {
			isa = PBXGroup;
			children = (
				DF504A11EB980FBB3004D271 /* AuthenticationManager.swift */,
				831AD13F1950B5F99A30CD7A /* ClipboardManager.swift */,
				9BE5FEA7CC6B032C4D623243 /* CloudKitSyncManager.swift */,
				6AF4DA70A289A8E7E1F8127F /* CrossNetworkWebRTCManager.swift */,
				7DB4CCFA78A457A620FEAF9F /* DeviceDiscoveryManager.swift */,
				D0464B520BF8BF54AE9F3BB1 /* FileTransferManager.swift */,
				85C26B001A92135612CB4326 /* LiveActivityManager.swift */,
				B610CADD6D63AE00BE1F232D /* LocalizationManager.swift */,
				93B830497EF129318237FE28 /* P2PConnectionManager.swift */,
				F74330957D1E789BDA527E99 /* PQCCryptoManager.swift */,
				9E5263289EA47395D52657D8 /* RemoteDesktopManager.swift */,
				659727828D97800AA64D41C4 /* SettingsManager.swift */,
				54AD8F4C687F9B90B67B4329 /* ThemeConfiguration.swift */,
				380347E9DAA089B6533D6F89 /* TrustedDeviceStore.swift */,
			);
			path = Managers;
			sourceTree = "<group>";
		};
		E69A9AEF593729E8A8F3FA52 /* Weather */ = {
			isa = PBXGroup;
			children = (
				B1FF1477AA66D565DCBFC1FB /* WeatherManager.swift */,
				588909BCF563A11B86AF8634 /* WeatherService.swift */,
			);
			path = Weather;
			sourceTree = "<group>";
		};
		EE5434AD687E69CC94F01FC6 /* Sources */ = {
			isa = PBXGroup;
			children = (
				EEEDE03DB889E42BACA14386 /* Models.swift */,
				82BFD82E6A9BFE95F28C6F3E /* App */,
				CD42518C0B71BAF0ACA755C3 /* Auth */,
				DE32EEF57A6E7463C976CDF6 /* Core */,
				9C2CFE7E5104E931DB073E86 /* LiveActivities */,
				E5EAA9BBCF55F761BC8A6B6F /* Managers */,
				BEE33A38459F1934E678C2F7 /* Utilities */,
				2B562D206EFB23C70FBCC010 /* ViewModels */,
				C77B40AED8E13597D9A6FCAE /* Views */,
			);
			path = Sources;
			sourceTree = "<group>";
		};
		EF37498AD29FD044F6F150EE /* Components */ = {
			isa = PBXGroup;
			children = (
				920CB7EAE7C04D712E34DF01 /* DeviceRowView.swift */,
				56BC016A1595D3C5E14E5591 /* QuickActionButtonView.swift */,
				74C91A71B2D7745DA114BC0D /* StatCardView.swift */,
				5A7A54A6561B171AE6B4CE43 /* WeatherCardView.swift */,
			);
			path = Components;
			sourceTree = "<group>";
		};
		FC4EC5BBC945FD3760602002 /* Messaging */ = {
			isa = PBXGroup;
			children = (
				D745F1B7ED48440187298913 /* AppMessage.swift */,
				3294588CD7895F56B550A5DC /* OfflineMessageQueue.swift */,
			);
			path = Messaging;
			sourceTree = "<group>";
		};
		FD919CD6A1AD0CEA831170C9 /* Resources */ = {
			isa = PBXGroup;
			children = (
				B8FD2B5D6AB6A664E8469945 /* Assets.xcassets */,
				4D0F9A292A0B4F4AA96C1A01 /* Localizable.strings */,
				40944D05DD176ECF8A8E7BDB /* SupabaseConfig.plist */,
			);
			name = Resources;
			path = SkyBridgeCompassiOS/Resources;
			sourceTree = "<group>";
		};
/* End PBXGroup section */

/* Begin PBXNativeTarget section */
		225DF6CFF206BFB832FBB9A7 /* SkyBridgeCompass-Widgets */ = {
			isa = PBXNativeTarget;
			buildConfigurationList = F271314E895EDF4A945446C9 /* Build configuration list for PBXNativeTarget "SkyBridgeCompass-Widgets" */;
			buildPhases = (
				2723DCCC21AE5469D99B55B2 /* Sources */,
				67985194D4709774642260B1 /* Frameworks */,
			);
			buildRules = (
			);
			dependencies = (
			);
			name = "SkyBridgeCompass-Widgets";
			packageProductDependencies = (
			);
			productName = "SkyBridgeCompass-Widgets";
			productReference = C6A172C4D3294DB3396F66BA /* SkyBridgeCompass-Widgets.appex */;
			productType = "com.apple.product-type.app-extension";
		};
		537E084BA6452ABCF8886C45 /* SkyBridgeCompass-iOS */ = {
			isa = PBXNativeTarget;
			buildConfigurationList = A9147CE111E59913CECA95F2 /* Build configuration list for PBXNativeTarget "SkyBridgeCompass-iOS" */;
			buildPhases = (
				7CA7A40061289EF0A3A3E718 /* Sources */,
				B061731C6F8374D05BEDC2E1 /* Resources */,
				877CCF6CE4910D2FA7254542 /* Frameworks */,
				5A65A7304E482C6A6334ACA0 /* Embed Foundation Extensions */,
			);
			buildRules = (
			);
			dependencies = (
				A5D882D0AC6E2C52158B3CF4 /* PBXTargetDependency */,
			);
			name = "SkyBridgeCompass-iOS";
			packageProductDependencies = (
				76123964202BD611B7E681E7 /* WebRTC */,
				EE00C62C33482B8E88952EF2 /* OQSRAII */,
			);
			productName = "SkyBridgeCompass-iOS";
			productReference = EFAF3D9DF476661D0BFB7941 /* SkyBridgeCompass-iOS.app */;
			productType = "com.apple.product-type.application";
		};
			C67CFB04F930238C86B4F49F /* SkyBridgeCompassiOSTests */ = {
				isa = PBXNativeTarget;
				buildConfigurationList = DA73EDFABF3F7E7FE7024846 /* Build configuration list for PBXNativeTarget "SkyBridgeCompassiOSTests" */;
				buildPhases = (
					75A6C6E5C458DC9C541E2407 /* Sources */,
				F257460870D046BFF960F0BA /* Frameworks */,
			);
			buildRules = (
			);
			dependencies = (
				BF9C7AAAE9E71C747962B55A /* PBXTargetDependency */,
			);
			name = SkyBridgeCompassiOSTests;
			packageProductDependencies = (
			);
			productName = SkyBridgeCompassiOSTests;
				productReference = 2F8ED07B5F59B57133CC0DEE /* SkyBridgeCompassiOSTests.xctest */;
				productType = "com.apple.product-type.bundle.unit-test";
			};
			A1B2C3D4E5F6099999999999 /* SkyBridgeCompassiOSUITests */ = {
				isa = PBXNativeTarget;
				buildConfigurationList = A1B2C3D4E5F60C0C0C0C0C0C /* Build configuration list for PBXNativeTarget "SkyBridgeCompassiOSUITests" */;
				buildPhases = (
					A1B2C3D4E5F6077777777777 /* Sources */,
					A1B2C3D4E5F6066666666666 /* Frameworks */,
				);
				buildRules = (
				);
				dependencies = (
					A1B2C3D4E5F6088888888888 /* PBXTargetDependency */,
				);
				name = SkyBridgeCompassiOSUITests;
				packageProductDependencies = (
				);
				productName = SkyBridgeCompassiOSUITests;
				productReference = A1B2C3D4E5F6033333333333 /* SkyBridgeCompassiOSUITests.xctest */;
				productType = "com.apple.product-type.bundle.ui-testing";
			};
/* End PBXNativeTarget section */

/* Begin PBXProject section */
		6280607F820FB09902AB1EFB /* Project object */ = {
			isa = PBXProject;
			attributes = {
				BuildIndependentTargetsInParallel = YES;
				LastUpgradeCheck = 2630;
				TargetAttributes = {
					225DF6CFF206BFB832FBB9A7 = {
						DevelopmentTeam = YKUPL7Z869;
					};
					537E084BA6452ABCF8886C45 = {
						DevelopmentTeam = YKUPL7Z869;
					};
						C67CFB04F930238C86B4F49F = {
							DevelopmentTeam = YKUPL7Z869;
						};
						A1B2C3D4E5F6099999999999 = {
							DevelopmentTeam = YKUPL7Z869;
							TestTargetID = 537E084BA6452ABCF8886C45;
						};
					};
			};
			buildConfigurationList = 4676BBA15B2AF04FA6DE61F3 /* Build configuration list for PBXProject "SkyBridgeCompass-iOS" */;
			compatibilityVersion = "Xcode 16.0";
			developmentRegion = en;
			hasScannedForEncodings = 0;
			knownRegions = (
				Base,
				en,
				ja,
				"zh-Hans",
			);
			mainGroup = B55949760F23D445644575EB;
			minimizedProjectReferenceProxies = 1;
			packageReferences = (
				D8ECB200A6C3588FB2C19E78 /* XCLocalSwiftPackageReference "LocalPackages/OQSRAIILocal" */,
				4BF7ADB923E18CDD4BFB1197 /* XCLocalSwiftPackageReference "LocalPackages/WebRTCLocal" */,
			);
			projectDirPath = "";
			projectRoot = "";
				targets = (
					225DF6CFF206BFB832FBB9A7 /* SkyBridgeCompass-Widgets */,
					537E084BA6452ABCF8886C45 /* SkyBridgeCompass-iOS */,
					C67CFB04F930238C86B4F49F /* SkyBridgeCompassiOSTests */,
					A1B2C3D4E5F6099999999999 /* SkyBridgeCompassiOSUITests */,
				);
		};
/* End PBXProject section */

/* Begin PBXResourcesBuildPhase section */
		B061731C6F8374D05BEDC2E1 /* Resources */ = {
			isa = PBXResourcesBuildPhase;
			buildActionMask = 2147483647;
			files = (
				6E30BE5F047F9D36C1C5DAA3 /* Assets.xcassets in Resources */,
				4D0F9A282A0B4F4AA96C1A01 /* Localizable.strings in Resources */,
				EE2CFADE97B5CC575F298B16 /* LaunchScreen.storyboard in Resources */,
				5AF4B12373F8955D228412F0 /* SupabaseConfig.plist in Resources */,
			);
			runOnlyForDeploymentPostprocessing = 0;
		};
/* End PBXResourcesBuildPhase section */

/* Begin PBXSourcesBuildPhase section */
		2723DCCC21AE5469D99B55B2 /* Sources */ = {
			isa = PBXSourcesBuildPhase;
			buildActionMask = 2147483647;
			files = (
				3791BAA6FC4869628D7C0283 /* SkyBridgeActivityAttributes.swift in Sources */,
				1B5FEDF47D8BD8ACE762B266 /* SkyBridgeLiveActivity.swift in Sources */,
				BD414DF97653B25F80AEB1BE /* SkyBridgeWidget.swift in Sources */,
			);
			runOnlyForDeploymentPostprocessing = 0;
		};
			75A6C6E5C458DC9C541E2407 /* Sources */ = {
				isa = PBXSourcesBuildPhase;
				buildActionMask = 2147483647;
				files = (
				A90F76B12F532DEF00499668 /* WebRTCSignalingFaultInjectionTests.swift in Sources */,
				DCEFA18F51EEAC5A498234D7 /* CapabilityResolutionParityTests.swift in Sources */,
				EA4C38A12FB6E4C100B0C001 /* CurrentPathTrustedDeviceStoreTests.swift in Sources */,
				B9B1776A08627F2AC1499D85 /* FallbackSemanticsParityTests.swift in Sources */,
				D7466B71CF052E1AB9FBD95A /* KEMTrustStoreTests.swift in Sources */,
				C2B6620F00166A0067A1098D /* ObservabilityContractTests.swift in Sources */,
				1AB2680B9B6A4DB64E3080B0 /* PolicyDecisionParityTests.swift in Sources */,
				A90F76AC2F532AC400499668 /* RegressionHardeningTests.swift in Sources */,
				A30B6ADBE722CB3EDFFBF5A0 /* PolicyDecisionTestVectors.swift in Sources */,
				);
				runOnlyForDeploymentPostprocessing = 0;
			};
			A1B2C3D4E5F6077777777777 /* Sources */ = {
				isa = PBXSourcesBuildPhase;
				buildActionMask = 2147483647;
				files = (
					A1B2C3D4E5F6011111111111 /* SkyBridgeCompassiOSUITests.swift in Sources */,
				);
				runOnlyForDeploymentPostprocessing = 0;
			};
			7CA7A40061289EF0A3A3E718 /* Sources */ = {
			isa = PBXSourcesBuildPhase;
			buildActionMask = 2147483647;
			files = (
				FB925A46A50EB95DE907CE9E /* AppMessage.swift in Sources */,
				0738F8013C52A20FD9AE961B /* ApplePQCProvider.swift in Sources */,
				B90D62B5410C9381C7F73B6F /* AuthSession.swift in Sources */,
				7D17DBE1290FCE76CD2AE703 /* AuthenticationManager.swift in Sources */,
				5C11C0249C43AED260C81E89 /* AuthenticationView.swift in Sources */,
				C6AB0D6871AEA8B0CBE52CDE /* BackgroundTaskManager.swift in Sources */,
				406D5BF6DA5DADD9AC2E7B5D /* BetaBannerView.swift in Sources */,
				A90F76AF2F532D7200499668 /* SignalingRetryController.swift in Sources */,
				174D5857250DDFB578699097 /* ClassicProvider.swift in Sources */,
				5F2704328C4CFAE111CE91B9 /* ClipboardManager.swift in Sources */,
				80E7233868CBFCAA2004173E /* CloudKitSyncManager.swift in Sources */,
				EAFF93330E52DC06EDC2EAAC /* ContentView.swift in Sources */,
				D45C5A6CF3E34BECD4805E05 /* CoreTypes.swift in Sources */,
				E63EE125B6AD059FF590C497 /* CrossNetworkFileTransferWire.swift in Sources */,
				AE8919E0A149251A09F85FAB /* CrossNetworkWebRTCManager.swift in Sources */,
				282CD8A8E21309631AD18A10 /* CryptoProviderFactory.swift in Sources */,
				8963BC9ADA39D474492B4A26 /* CryptoProviderProtocol.swift in Sources */,
				B63FBF31E5051CE20BCC324C /* DashboardView.swift in Sources */,
				E87EA46CB143DBA0844971B8 /* DashboardViewModel.swift in Sources */,
				285C668B7A4949FAF3AC8CDE /* DeviceDiscoveryManager.swift in Sources */,
				7BC94778280AA36EC50960A4 /* DeviceDiscoveryView.swift in Sources */,
				78AAB5A796C451E94DDE8A89 /* DeviceRowView.swift in Sources */,
				8CA6CB8D7720FB13ABCE7FC8 /* FileTransferManager.swift in Sources */,
				54C71E79C7748E435213E3D9 /* FileTransferNetworkService.swift in Sources */,
				8F3AFAACC8F6A685C4E827A2 /* FileTransferRuntime.swift in Sources */,
				D3EC60A952DCD8EAB81AF1B5 /* FileTransferView.swift in Sources */,
				404680039CB34D5EC03789D1 /* HandshakeDriver.swift in Sources */,
				6B2BE9727DB870A7EAEC8A0C /* HandshakeMessages.swift in Sources */,
				5FC455D2316C3C8EA7B12D57 /* HandshakePadding.swift in Sources */,
				6EDDCB3576434AEF05E5AC02 /* HandshakeTypes.swift in Sources */,
				4E34F3BCA3DD81A901CC7DA4 /* KEMPublicKeyInfo.swift in Sources */,
				7FE088C16086150B617C924F /* KEMTrustStore.swift in Sources */,
				6FC192ED7FEBBFA3A35BB97D /* KeychainManager.swift in Sources */,
				6E09A1C0BA0D0DC065416C07 /* LiquidGlass.swift in Sources */,
				C63671A4B9ADB0BF39C59AE3 /* LiveActivityManager.swift in Sources */,
				23E57B94C7A9792227AA0FD2 /* LocalizationManager.swift in Sources */,
				CDD8DC74867897BB930E446C /* LogStore.swift in Sources */,
				45F136FD199310261A6665EA /* Models.swift in Sources */,
				9B1311542C3BB9B1E34608F0 /* NebulaIDGenerator.swift in Sources */,
				58E8B2A1A1C24D1E8F0B1C22 /* NebulaPublicClientOAuth.swift in Sources */,
				2D01D7366348A6CFA80A6457 /* OQSPQCProvider.swift in Sources */,
				3BB7359087A9EF49C86CE078 /* OfflineMessageQueue.swift in Sources */,
				2E4645FD7F22D357C46E4131 /* P2PConnectionManager.swift in Sources */,
				F6A3A2FB648E97C975A85CDF /* P2PConnectionService.swift in Sources */,
				2C5849D17E72B15DD3E5E64E /* P2PKEMIdentityKeyStore.swift in Sources */,
				0FBDB93D535E9FC6BF131AFE /* P2PModels.swift in Sources */,
				9405569D2DE3BD4B5A1924F5 /* PQCCryptoManager.swift in Sources */,
				5891EEE7D4966C16F568445A /* PQCMicroBenchView.swift in Sources */,
				27F6713FCFAA0E62E7D0ABC2 /* PQCVerificationView.swift in Sources */,
				9381F4D3CD99166A08A3A156 /* PlatformAdapter.swift in Sources */,
				0DE9AEC41B80EF9BA6D6A92E /* PolicyDecisionSnapshot.swift in Sources */,
				B1B9B9CEAC26CE690F5AA4B5 /* QRCodeManager.swift in Sources */,
				0BD313C4C5139FFF7F6DE35D /* QuickActionButtonView.swift in Sources */,
				D6205CFEDCD592F0D5F9C778 /* RealNetworkE2EBenchView.swift in Sources */,
				C85B40DB51C1B1F5FF143378 /* RemoteDesktopManager.swift in Sources */,
				4892CDE284E0F7A86EF1A073 /* RemoteDesktopView.swift in Sources */,
				C6210C5AF8FBC51FFF891C5F /* STUNClient.swift in Sources */,
				3081BF69EF4C1CB4F8F01EED /* SettingsManager.swift in Sources */,
				F93336A0B86B8AC90B4CFC9D /* SettingsView.swift in Sources */,
				E9701CEDADDB8A8DC07A64EC /* SignatureProvider.swift in Sources */,
				13BBA0D66C6D557D9F1C2B90 /* SkyBridgeActivityAttributes.swift in Sources */,
				F2556D8F7DC3375417FA77A7 /* SkyBridgeCompassApp.swift in Sources */,
				14E02A1A1E1A3F5CC4FE7412 /* SkyBridgeLogger.swift in Sources */,
				E23B454FC096814D60AACC6E /* SkyBridgeServerConfig.swift in Sources */,
				A5DF44B0F65FD8FBCAD30855 /* StatCardView.swift in Sources */,
				58CEE1C24851B675376CBBB7 /* SupabaseService.swift in Sources */,
				959456034AC8CD9FAF2E5A08 /* ThemeConfiguration.swift in Sources */,
				2608A8D411EECC8FFB5202F3 /* TrafficPadding.swift in Sources */,
				0E5069CF10CF3ACCC50FC447 /* TrafficPaddingStats.swift in Sources */,
				6B446A20FFDC3D344FADCE74 /* TrustedDeviceStore.swift in Sources */,
				FAC4A6B35BEBB5F953B0E507 /* TwoAttemptHandshakeManager.swift in Sources */,
				10757D91A1F50BDA2D2E42C3 /* WeatherCardView.swift in Sources */,
				3D4AE0820CA4A146EBE72AA6 /* WeatherManager.swift in Sources */,
				3D76475FBC024939F1931522 /* WeatherService.swift in Sources */,
				50EC8B5726CAF191F7BA6198 /* WebRTCSession.swift in Sources */,
				2BD6A4B51055EB53173CCF42 /* WebRTCSignalingEnvelope.swift in Sources */,
				D48DEA0AFDEF88C30B975527 /* WebSocketSignalingClient.swift in Sources */,
			);
			runOnlyForDeploymentPostprocessing = 0;
		};
/* End PBXSourcesBuildPhase section */

/* Begin PBXVariantGroup section */
		4D0F9A292A0B4F4AA96C1A01 /* Localizable.strings */ = {
			isa = PBXVariantGroup;
			children = (
				4D0F9A2A2A0B4F4AA96C1A01 /* en */,
				4D0F9A2B2A0B4F4AA96C1A01 /* ja */,
				4D0F9A2C2A0B4F4AA96C1A01 /* zh-Hans */,
			);
			name = Localizable.strings;
			sourceTree = "<group>";
		};
/* End PBXVariantGroup section */

/* Begin PBXTargetDependency section */
		A5D882D0AC6E2C52158B3CF4 /* PBXTargetDependency */ = {
			isa = PBXTargetDependency;
			target = 225DF6CFF206BFB832FBB9A7 /* SkyBridgeCompass-Widgets */;
			targetProxy = DEFE45977C6381EAD62ECD7F /* PBXContainerItemProxy */;
		};
			BF9C7AAAE9E71C747962B55A /* PBXTargetDependency */ = {
				isa = PBXTargetDependency;
				target = 537E084BA6452ABCF8886C45 /* SkyBridgeCompass-iOS */;
				targetProxy = 0E8A456CE048751AAB437655 /* PBXContainerItemProxy */;
			};
			A1B2C3D4E5F6088888888888 /* PBXTargetDependency */ = {
				isa = PBXTargetDependency;
				target = 537E084BA6452ABCF8886C45 /* SkyBridgeCompass-iOS */;
				targetProxy = A1B2C3D4E5F6055555555555 /* PBXContainerItemProxy */;
			};
/* End PBXTargetDependency section */

/* Begin XCBuildConfiguration section */
		21023B9CA97199D49C37954C /* Release */ = {
			isa = XCBuildConfiguration;
			buildSettings = {
				BUNDLE_LOADER = "$(TEST_HOST)";
				CLANG_WARN_INCOMPLETE_UMBRELLA = NO;
				CODE_SIGNING_ALLOWED = YES;
				DEVELOPMENT_TEAM = YKUPL7Z869;
				GENERATE_INFOPLIST_FILE = YES;
				LD_RUNPATH_SEARCH_PATHS = (
					"$(inherited)",
					"@executable_path/Frameworks",
					"@loader_path/Frameworks",
				);
				OTHER_CFLAGS = (
					"$(inherited)",
					"-Wno-incomplete-umbrella",
				);
				OTHER_CPLUSPLUSFLAGS = (
					"$(inherited)",
					"-Wno-incomplete-umbrella",
				);
				OTHER_SWIFT_FLAGS = "$(inherited) -Xcc -I -Xcc $(SRCROOT)/../Sources/Vendor/WebRTCHeaders -Xcc -Wno-incomplete-umbrella";
				PRODUCT_BUNDLE_IDENTIFIER = com.skybridge.compass.ios.tests;
				SDKROOT = iphoneos;
				SWIFT_ACTIVE_COMPILATION_CONDITIONS = "$(inherited)";
				"SWIFT_ACTIVE_COMPILATION_CONDITIONS[sdk=iphoneos26*]" = "$(inherited) HAS_APPLE_PQC_SDK";
				"SWIFT_ACTIVE_COMPILATION_CONDITIONS[sdk=iphonesimulator26*]" = "$(inherited) HAS_APPLE_PQC_SDK";
				SWIFT_STRICT_CONCURRENCY = targeted;
				TARGETED_DEVICE_FAMILY = "1,2";
				TEST_HOST = "$(BUILT_PRODUCTS_DIR)/SkyBridgeCompass-iOS.app/SkyBridgeCompass-iOS";
			};
			name = Release;
		};
			61B0AC4B37F17134A87E0634 /* Debug */ = {
				isa = XCBuildConfiguration;
				buildSettings = {
					BUNDLE_LOADER = "$(TEST_HOST)";
				CLANG_WARN_INCOMPLETE_UMBRELLA = NO;
				CODE_SIGNING_ALLOWED = YES;
				DEVELOPMENT_TEAM = YKUPL7Z869;
				GENERATE_INFOPLIST_FILE = YES;
				LD_RUNPATH_SEARCH_PATHS = (
					"$(inherited)",
					"@executable_path/Frameworks",
					"@loader_path/Frameworks",
				);
				OTHER_CFLAGS = (
					"$(inherited)",
					"-Wno-incomplete-umbrella",
				);
				OTHER_CPLUSPLUSFLAGS = (
					"$(inherited)",
					"-Wno-incomplete-umbrella",
				);
				OTHER_SWIFT_FLAGS = "$(inherited) -Xcc -I -Xcc $(SRCROOT)/../Sources/Vendor/WebRTCHeaders -Xcc -Wno-incomplete-umbrella";
				PRODUCT_BUNDLE_IDENTIFIER = com.skybridge.compass.ios.tests;
				SDKROOT = iphoneos;
				SWIFT_ACTIVE_COMPILATION_CONDITIONS = "$(inherited)";
				"SWIFT_ACTIVE_COMPILATION_CONDITIONS[sdk=iphoneos26*]" = "$(inherited) HAS_APPLE_PQC_SDK";
				"SWIFT_ACTIVE_COMPILATION_CONDITIONS[sdk=iphonesimulator26*]" = "$(inherited) HAS_APPLE_PQC_SDK";
				SWIFT_STRICT_CONCURRENCY = targeted;
				TARGETED_DEVICE_FAMILY = "1,2";
				TEST_HOST = "$(BUILT_PRODUCTS_DIR)/SkyBridgeCompass-iOS.app/SkyBridgeCompass-iOS";
				};
				name = Debug;
			};
			A1B2C3D4E5F60A0A0A0A0A0A /* Debug */ = {
				isa = XCBuildConfiguration;
				buildSettings = {
					CODE_SIGNING_ALLOWED = YES;
					DEVELOPMENT_TEAM = YKUPL7Z869;
					GENERATE_INFOPLIST_FILE = YES;
					IPHONEOS_DEPLOYMENT_TARGET = 17.0;
					PRODUCT_BUNDLE_IDENTIFIER = com.skybridge.compass.ios.uitests;
					PRODUCT_NAME = "$(TARGET_NAME)";
					SDKROOT = iphoneos;
					SWIFT_OPTIMIZATION_LEVEL = "-Onone";
					SWIFT_STRICT_CONCURRENCY = targeted;
					SWIFT_VERSION = 5.0;
					TARGETED_DEVICE_FAMILY = "1,2";
					TEST_TARGET_NAME = "SkyBridgeCompass-iOS";
				};
				name = Debug;
			};
			A1B2C3D4E5F60B0B0B0B0B0B /* Release */ = {
				isa = XCBuildConfiguration;
				buildSettings = {
					CODE_SIGNING_ALLOWED = YES;
					DEVELOPMENT_TEAM = YKUPL7Z869;
					GENERATE_INFOPLIST_FILE = YES;
					IPHONEOS_DEPLOYMENT_TARGET = 17.0;
					PRODUCT_BUNDLE_IDENTIFIER = com.skybridge.compass.ios.uitests;
					PRODUCT_NAME = "$(TARGET_NAME)";
					SDKROOT = iphoneos;
					SWIFT_COMPILATION_MODE = wholemodule;
					SWIFT_STRICT_CONCURRENCY = targeted;
					SWIFT_VERSION = 5.0;
					TARGETED_DEVICE_FAMILY = "1,2";
					TEST_TARGET_NAME = "SkyBridgeCompass-iOS";
				};
				name = Release;
			};
			749DA873F5B0CE38987EE16E /* Debug */ = {
			isa = XCBuildConfiguration;
			buildSettings = {
				DEVELOPMENT_TEAM = YKUPL7Z869;
				INFOPLIST_FILE = Widgets/Info.plist;
				LD_RUNPATH_SEARCH_PATHS = (
					"$(inherited)",
					"@executable_path/Frameworks",
					"@executable_path/../../Frameworks",
				);
				PRODUCT_BUNDLE_IDENTIFIER = com.skybridge.compass.ios.widgets;
				SDKROOT = iphoneos;
				SWIFT_STRICT_CONCURRENCY = targeted;
				TARGETED_DEVICE_FAMILY = "1,2";
			};
			name = Debug;
		};
		94DA1C94AA9BB7049B77FF07 /* Release */ = {
			isa = XCBuildConfiguration;
			buildSettings = {
				ALWAYS_SEARCH_USER_PATHS = NO;
				CLANG_ANALYZER_NONNULL = YES;
				CLANG_ANALYZER_NUMBER_OBJECT_CONVERSION = YES_AGGRESSIVE;
				CLANG_CXX_LANGUAGE_STANDARD = "gnu++14";
				CLANG_CXX_LIBRARY = "libc++";
				CLANG_ENABLE_MODULES = YES;
				CLANG_ENABLE_OBJC_ARC = YES;
				CLANG_ENABLE_OBJC_WEAK = YES;
				CLANG_WARN_BLOCK_CAPTURE_AUTORELEASING = YES;
				CLANG_WARN_BOOL_CONVERSION = YES;
				CLANG_WARN_COMMA = YES;
				CLANG_WARN_CONSTANT_CONVERSION = YES;
				CLANG_WARN_DEPRECATED_OBJC_IMPLEMENTATIONS = YES;
				CLANG_WARN_DIRECT_OBJC_ISA_USAGE = YES_ERROR;
				CLANG_WARN_DOCUMENTATION_COMMENTS = YES;
				CLANG_WARN_EMPTY_BODY = YES;
				CLANG_WARN_ENUM_CONVERSION = YES;
				CLANG_WARN_INFINITE_RECURSION = YES;
				CLANG_WARN_INT_CONVERSION = YES;
				CLANG_WARN_NON_LITERAL_NULL_CONVERSION = YES;
				CLANG_WARN_OBJC_IMPLICIT_RETAIN_SELF = YES;
				CLANG_WARN_OBJC_LITERAL_CONVERSION = YES;
				CLANG_WARN_OBJC_ROOT_CLASS = YES_ERROR;
				CLANG_WARN_QUOTED_INCLUDE_IN_FRAMEWORK_HEADER = YES;
				CLANG_WARN_RANGE_LOOP_ANALYSIS = YES;
				CLANG_WARN_STRICT_PROTOTYPES = YES;
				CLANG_WARN_SUSPICIOUS_MOVE = YES;
				CLANG_WARN_UNGUARDED_AVAILABILITY = YES_AGGRESSIVE;
				CLANG_WARN_UNREACHABLE_CODE = YES;
				CLANG_WARN__DUPLICATE_METHOD_MATCH = YES;
				COPY_PHASE_STRIP = NO;
				DEBUG_INFORMATION_FORMAT = "dwarf-with-dsym";
				ENABLE_NS_ASSERTIONS = NO;
				ENABLE_STRICT_OBJC_MSGSEND = YES;
				GCC_C_LANGUAGE_STANDARD = gnu11;
				GCC_NO_COMMON_BLOCKS = YES;
				GCC_WARN_64_TO_32_BIT_CONVERSION = YES;
				GCC_WARN_ABOUT_RETURN_TYPE = YES_ERROR;
				GCC_WARN_UNDECLARED_SELECTOR = YES;
				GCC_WARN_UNINITIALIZED_AUTOS = YES_AGGRESSIVE;
				GCC_WARN_UNUSED_FUNCTION = YES;
				GCC_WARN_UNUSED_VARIABLE = YES;
				IPHONEOS_DEPLOYMENT_TARGET = 17.0;
				MTL_ENABLE_DEBUG_INFO = NO;
				MTL_FAST_MATH = YES;
				PRODUCT_NAME = "$(TARGET_NAME)";
				SDKROOT = iphoneos;
				SWIFT_COMPILATION_MODE = wholemodule;
				SWIFT_OPTIMIZATION_LEVEL = "-O";
				SWIFT_VERSION = 5.0;
			};
			name = Release;
		};
		9B93D4A8BF90B7BE67D74AC2 /* Release */ = {
			isa = XCBuildConfiguration;
			buildSettings = {
				DEVELOPMENT_TEAM = YKUPL7Z869;
				INFOPLIST_FILE = Widgets/Info.plist;
				LD_RUNPATH_SEARCH_PATHS = (
					"$(inherited)",
					"@executable_path/Frameworks",
					"@executable_path/../../Frameworks",
				);
				PRODUCT_BUNDLE_IDENTIFIER = com.skybridge.compass.ios.widgets;
				SDKROOT = iphoneos;
				SWIFT_STRICT_CONCURRENCY = targeted;
				TARGETED_DEVICE_FAMILY = "1,2";
			};
			name = Release;
		};
		D644F22ADA9D632A3253DB94 /* Debug */ = {
			isa = XCBuildConfiguration;
			buildSettings = {
				ASSETCATALOG_COMPILER_APPICON_NAME = AppIcon;
				CLANG_WARN_INCOMPLETE_UMBRELLA = NO;
				CODE_SIGN_IDENTITY = "iPhone Developer";
				DEVELOPMENT_TEAM = YKUPL7Z869;
				INFOPLIST_FILE = "SkyBridgeCompassiOS/Supporting Files/Info.plist";
				LD_RUNPATH_SEARCH_PATHS = (
					"$(inherited)",
					"@executable_path/Frameworks",
				);
				OTHER_CFLAGS = (
					"$(inherited)",
					"-Wno-incomplete-umbrella",
				);
				OTHER_CPLUSPLUSFLAGS = (
					"$(inherited)",
					"-Wno-incomplete-umbrella",
				);
				OTHER_SWIFT_FLAGS = "$(inherited) -Xcc -I -Xcc $(SRCROOT)/../Sources/Vendor/WebRTCHeaders -Xcc -Wno-incomplete-umbrella";
				PRODUCT_BUNDLE_IDENTIFIER = com.skybridge.compass.ios;
				SDKROOT = iphoneos;
				SWIFT_ACTIVE_COMPILATION_CONDITIONS = "$(inherited)";
				"SWIFT_ACTIVE_COMPILATION_CONDITIONS[sdk=iphoneos26*]" = "$(inherited) HAS_APPLE_PQC_SDK";
				"SWIFT_ACTIVE_COMPILATION_CONDITIONS[sdk=iphonesimulator26*]" = "$(inherited) HAS_APPLE_PQC_SDK";
				SWIFT_STRICT_CONCURRENCY = targeted;
				TARGETED_DEVICE_FAMILY = "1,2";
			};
			name = Debug;
		};
		F7736BB6A670D1A60E09564A /* Release */ = {
			isa = XCBuildConfiguration;
			buildSettings = {
				ASSETCATALOG_COMPILER_APPICON_NAME = AppIcon;
				CLANG_WARN_INCOMPLETE_UMBRELLA = NO;
				CODE_SIGN_IDENTITY = "iPhone Developer";
				DEVELOPMENT_TEAM = YKUPL7Z869;
				INFOPLIST_FILE = "SkyBridgeCompassiOS/Supporting Files/Info.plist";
				LD_RUNPATH_SEARCH_PATHS = (
					"$(inherited)",
					"@executable_path/Frameworks",
				);
				OTHER_CFLAGS = (
					"$(inherited)",
					"-Wno-incomplete-umbrella",
				);
				OTHER_CPLUSPLUSFLAGS = (
					"$(inherited)",
					"-Wno-incomplete-umbrella",
				);
				OTHER_SWIFT_FLAGS = "$(inherited) -Xcc -I -Xcc $(SRCROOT)/../Sources/Vendor/WebRTCHeaders -Xcc -Wno-incomplete-umbrella";
				PRODUCT_BUNDLE_IDENTIFIER = com.skybridge.compass.ios;
				SDKROOT = iphoneos;
				SWIFT_ACTIVE_COMPILATION_CONDITIONS = "$(inherited)";
				"SWIFT_ACTIVE_COMPILATION_CONDITIONS[sdk=iphoneos26*]" = "$(inherited) HAS_APPLE_PQC_SDK";
				"SWIFT_ACTIVE_COMPILATION_CONDITIONS[sdk=iphonesimulator26*]" = "$(inherited) HAS_APPLE_PQC_SDK";
				SWIFT_STRICT_CONCURRENCY = targeted;
				TARGETED_DEVICE_FAMILY = "1,2";
			};
			name = Release;
		};
		F8AC3788031CA72DFE7FBD99 /* Debug */ = {
			isa = XCBuildConfiguration;
			buildSettings = {
				ALWAYS_SEARCH_USER_PATHS = NO;
				CLANG_ANALYZER_NONNULL = YES;
				CLANG_ANALYZER_NUMBER_OBJECT_CONVERSION = YES_AGGRESSIVE;
				CLANG_CXX_LANGUAGE_STANDARD = "gnu++14";
				CLANG_CXX_LIBRARY = "libc++";
				CLANG_ENABLE_MODULES = YES;
				CLANG_ENABLE_OBJC_ARC = YES;
				CLANG_ENABLE_OBJC_WEAK = YES;
				CLANG_WARN_BLOCK_CAPTURE_AUTORELEASING = YES;
				CLANG_WARN_BOOL_CONVERSION = YES;
				CLANG_WARN_COMMA = YES;
				CLANG_WARN_CONSTANT_CONVERSION = YES;
				CLANG_WARN_DEPRECATED_OBJC_IMPLEMENTATIONS = YES;
				CLANG_WARN_DIRECT_OBJC_ISA_USAGE = YES_ERROR;
				CLANG_WARN_DOCUMENTATION_COMMENTS = YES;
				CLANG_WARN_EMPTY_BODY = YES;
				CLANG_WARN_ENUM_CONVERSION = YES;
				CLANG_WARN_INFINITE_RECURSION = YES;
				CLANG_WARN_INT_CONVERSION = YES;
				CLANG_WARN_NON_LITERAL_NULL_CONVERSION = YES;
				CLANG_WARN_OBJC_IMPLICIT_RETAIN_SELF = YES;
				CLANG_WARN_OBJC_LITERAL_CONVERSION = YES;
				CLANG_WARN_OBJC_ROOT_CLASS = YES_ERROR;
				CLANG_WARN_QUOTED_INCLUDE_IN_FRAMEWORK_HEADER = YES;
				CLANG_WARN_RANGE_LOOP_ANALYSIS = YES;
				CLANG_WARN_STRICT_PROTOTYPES = YES;
				CLANG_WARN_SUSPICIOUS_MOVE = YES;
				CLANG_WARN_UNGUARDED_AVAILABILITY = YES_AGGRESSIVE;
				CLANG_WARN_UNREACHABLE_CODE = YES;
				CLANG_WARN__DUPLICATE_METHOD_MATCH = YES;
				COPY_PHASE_STRIP = NO;
				DEBUG_INFORMATION_FORMAT = dwarf;
				ENABLE_STRICT_OBJC_MSGSEND = YES;
				ENABLE_TESTABILITY = YES;
				GCC_C_LANGUAGE_STANDARD = gnu11;
				GCC_DYNAMIC_NO_PIC = NO;
				GCC_NO_COMMON_BLOCKS = YES;
				GCC_OPTIMIZATION_LEVEL = 0;
				GCC_PREPROCESSOR_DEFINITIONS = (
					"$(inherited)",
					"DEBUG=1",
				);
				GCC_WARN_64_TO_32_BIT_CONVERSION = YES;
				GCC_WARN_ABOUT_RETURN_TYPE = YES_ERROR;
				GCC_WARN_UNDECLARED_SELECTOR = YES;
				GCC_WARN_UNINITIALIZED_AUTOS = YES_AGGRESSIVE;
				GCC_WARN_UNUSED_FUNCTION = YES;
				GCC_WARN_UNUSED_VARIABLE = YES;
				IPHONEOS_DEPLOYMENT_TARGET = 17.0;
				MTL_ENABLE_DEBUG_INFO = INCLUDE_SOURCE;
				MTL_FAST_MATH = YES;
				ONLY_ACTIVE_ARCH = YES;
				PRODUCT_NAME = "$(TARGET_NAME)";
				SDKROOT = iphoneos;
				SWIFT_ACTIVE_COMPILATION_CONDITIONS = DEBUG;
				SWIFT_OPTIMIZATION_LEVEL = "-Onone";
				SWIFT_VERSION = 5.0;
			};
			name = Debug;
		};
/* End XCBuildConfiguration section */

/* Begin XCConfigurationList section */
		4676BBA15B2AF04FA6DE61F3 /* Build configuration list for PBXProject "SkyBridgeCompass-iOS" */ = {
			isa = XCConfigurationList;
			buildConfigurations = (
				F8AC3788031CA72DFE7FBD99 /* Debug */,
				94DA1C94AA9BB7049B77FF07 /* Release */,
			);
			defaultConfigurationIsVisible = 0;
			defaultConfigurationName = Debug;
		};
		A9147CE111E59913CECA95F2 /* Build configuration list for PBXNativeTarget "SkyBridgeCompass-iOS" */ = {
			isa = XCConfigurationList;
			buildConfigurations = (
				D644F22ADA9D632A3253DB94 /* Debug */,
				F7736BB6A670D1A60E09564A /* Release */,
			);
			defaultConfigurationIsVisible = 0;
			defaultConfigurationName = Debug;
		};
			DA73EDFABF3F7E7FE7024846 /* Build configuration list for PBXNativeTarget "SkyBridgeCompassiOSTests" */ = {
				isa = XCConfigurationList;
				buildConfigurations = (
					61B0AC4B37F17134A87E0634 /* Debug */,
					21023B9CA97199D49C37954C /* Release */,
				);
				defaultConfigurationIsVisible = 0;
				defaultConfigurationName = Debug;
			};
			A1B2C3D4E5F60C0C0C0C0C0C /* Build configuration list for PBXNativeTarget "SkyBridgeCompassiOSUITests" */ = {
				isa = XCConfigurationList;
				buildConfigurations = (
					A1B2C3D4E5F60A0A0A0A0A0A /* Debug */,
					A1B2C3D4E5F60B0B0B0B0B0B /* Release */,
				);
				defaultConfigurationIsVisible = 0;
				defaultConfigurationName = Debug;
			};
			F271314E895EDF4A945446C9 /* Build configuration list for PBXNativeTarget "SkyBridgeCompass-Widgets" */ = {
			isa = XCConfigurationList;
			buildConfigurations = (
				749DA873F5B0CE38987EE16E /* Debug */,
				9B93D4A8BF90B7BE67D74AC2 /* Release */,
			);
			defaultConfigurationIsVisible = 0;
			defaultConfigurationName = Debug;
		};
/* End XCConfigurationList section */

/* Begin XCLocalSwiftPackageReference section */
		4BF7ADB923E18CDD4BFB1197 /* XCLocalSwiftPackageReference "LocalPackages/WebRTCLocal" */ = {
			isa = XCLocalSwiftPackageReference;
			relativePath = LocalPackages/WebRTCLocal;
		};
		D8ECB200A6C3588FB2C19E78 /* XCLocalSwiftPackageReference "LocalPackages/OQSRAIILocal" */ = {
			isa = XCLocalSwiftPackageReference;
			relativePath = LocalPackages/OQSRAIILocal;
		};
/* End XCLocalSwiftPackageReference section */

/* Begin XCSwiftPackageProductDependency section */
		76123964202BD611B7E681E7 /* WebRTC */ = {
			isa = XCSwiftPackageProductDependency;
			productName = WebRTC;
		};
		EE00C62C33482B8E88952EF2 /* OQSRAII */ = {
			isa = XCSwiftPackageProductDependency;
			productName = OQSRAII;
		};
/* End XCSwiftPackageProductDependency section */
	};
	rootObject = 6280607F820FB09902AB1EFB /* Project object */;
}
